<?xml version="1.0" encoding="utf-8"?>
<Project ToolsVersion="4.0" xmlns="http://schemas.microsoft.com/developer/msbuild/2003">
  <ItemGroup>
    <Filter Include="Source Files">
      <UniqueIdentifier>{B1F27843-FECA-1BAD-625C-A4252E46625E}</UniqueIdentifier>
      <Extensions>cpp;cxx;cc;c;C</Extensions>
    </Filter>
    <Filter Include="Header Files">
      <UniqueIdentifier>{06319535-FECA-1BAD-625C-A4252E46625E}</UniqueIdentifier>
      <Extensions>h;hpp;hxx;hh</Extensions>
    </Filter>
    <Filter Include="Resource Files">
      <UniqueIdentifier>{502A2050-FECA-1BAD-625C-A4252E46625E}</UniqueIdentifier>
      <Extensions>rc;ico;cur;bmp;dlg;rc2;rct;bin;cnt;rtf;gif;jpg;jpeg;jpe</Extensions>
    </Filter>
  </ItemGroup>
  <ItemGroup>
    <ClCompile Include="con_mgr_vg.cpp">
      <Filter>Source Files</Filter>
    </ClCompile>
    <ClCompile Include="dispmain.cpp">
      <Filter>Source Files</Filter>
    </ClCompile>
    <ClCompile Include="dispsvc.cpp">
      <Filter>Source Files</Filter>
    </ClCompile>
    <ClCompile Include="id_vg.cpp">
      <Filter>Source Files</Filter>
    </ClCompile>
    <ClCompile Include="vangogh.cpp">
      <Filter>Source Files</Filter>
    </ClCompile>
    <ClCompile Include="vgexe_factory.cpp">
      <Filter>Source Files</Filter>
    </ClCompile>
  </ItemGroup>
  <ItemGroup>
    <ClInclude Include="dispatch\include\con_mgr_vg.h">
      <Filter>Header Files</Filter>
    </ClInclude>
    <ClInclude Include="dispatch\include\control_history_association.h">
      <Filter>Header Files</Filter>
    </ClInclude>
    <ClInclude Include="dispatch\include\ctivangogh.h">
      <Filter>Header Files</Filter>
    </ClInclude>
    <ClInclude Include="dispatch\include\dispsvc.h">
      <Filter>Header Files</Filter>
    </ClInclude>
    <ClInclude Include="dispatch\include\dllvg.h">
      <Filter>Header Files</Filter>
    </ClInclude>
    <ClInclude Include="dispatch\include\exe_ptchg.h">
      <Filter>Header Files</Filter>
    </ClInclude>
    <ClInclude Include="dispatch\include\exe_signal.h">
      <Filter>Header Files</Filter>
    </ClInclude>
    <ClInclude Include="dispatch\include\id_vg.h">
      <Filter>Header Files</Filter>
    </ClInclude>
    <ClInclude Include="dispatch\include\id_vgdll.h">
      <Filter>Header Files</Filter>
    </ClInclude>
    <ClInclude Include="dispatch\include\mgr_ptclients.h">
      <Filter>Header Files</Filter>
    </ClInclude>
    <ClInclude Include="dispatch\include\pendable.h">
      <Filter>Header Files</Filter>
    </ClInclude>
    <ClInclude Include="dispatch\include\pending_info.h">
      <Filter>Header Files</Filter>
    </ClInclude>
    <ClInclude Include="dispatch\include\pendingOpThread.h">
      <Filter>Header Files</Filter>
    </ClInclude>
    <ClInclude Include="dispatch\include\ptconnect.h">
      <Filter>Header Files</Filter>
    </ClInclude>
    <ClInclude Include="dispatch\include\signalmanager.h">
      <Filter>Header Files</Filter>
    </ClInclude>
    <ClInclude Include="dispatch\include\tagmanager.h">
      <Filter>Header Files</Filter>
    </ClInclude>
    <ClInclude Include="dispatch\include\vgexe_factory.h">
      <Filter>Header Files</Filter>
    </ClInclude>
  </ItemGroup>
  <ItemGroup>
    <ResourceCompile Include="..\versioninfo.rc">
      <Filter>Resource Files</Filter>
    </ResourceCompile>
  </ItemGroup>
</Project>
