<?xml version="1.0" encoding="utf-8"?>
<Project ToolsVersion="4.0" xmlns="http://schemas.microsoft.com/developer/msbuild/2003">
  <ItemGroup>
    <Filter Include="Source Files">
      <UniqueIdentifier>{B1F27843-FECA-1BAD-624E-AC3626274653}</UniqueIdentifier>
      <Extensions>cpp;cxx;cc;c;C</Extensions>
    </Filter>
    <Filter Include="Header Files">
      <UniqueIdentifier>{06319535-FECA-1BAD-624E-AC3626274653}</UniqueIdentifier>
      <Extensions>h;hpp;hxx;hh</Extensions>
    </Filter>
  </ItemGroup>
  <ItemGroup>
    <ClCompile Include="test_main.cpp">
      <Filter>Source Files</Filter>
    </ClCompile>
    <ClCompile Include="test_tbl_dv_idlcremote.cpp">
      <Filter>Source Files</Filter>
    </ClCompile>
    <ClCompile Include="test_tbl_dyn_paoinfo.cpp">
      <Filter>Source Files</Filter>
    </ClCompile>
    <ClCompile Include="..\precompiled.cpp">
      <Filter>Source Files</Filter>
    </ClCompile>
  </ItemGroup>
  <ItemGroup>
    <ClInclude Include="include\da_load_profile.h">
      <Filter>Header Files</Filter>
    </ClInclude>
    <ClInclude Include="include\dbmemobject.h">
      <Filter>Header Files</Filter>
    </ClInclude>
    <ClInclude Include="include\dllyukon.h">
      <Filter>Header Files</Filter>
    </ClInclude>
    <ClInclude Include="include\InvalidReaderException.h">
      <Filter>Header Files</Filter>
    </ClInclude>
    <ClInclude Include="include\tbl_alm_ngroup.h">
      <Filter>Header Files</Filter>
    </ClInclude>
    <ClInclude Include="include\tbl_base.h">
      <Filter>Header Files</Filter>
    </ClInclude>
    <ClInclude Include="include\tbl_carrier.h">
      <Filter>Header Files</Filter>
    </ClInclude>
    <ClInclude Include="include\tbl_ci_cust.h">
      <Filter>Header Files</Filter>
    </ClInclude>
    <ClInclude Include="include\tbl_contact_notification.h">
      <Filter>Header Files</Filter>
    </ClInclude>
    <ClInclude Include="include\tbl_devicereadjoblog.h">
      <Filter>Header Files</Filter>
    </ClInclude>
    <ClInclude Include="include\tbl_devicereadrequestlog.h">
      <Filter>Header Files</Filter>
    </ClInclude>
    <ClInclude Include="include\tbl_dialup.h">
      <Filter>Header Files</Filter>
    </ClInclude>
    <ClInclude Include="include\tbl_direct.h">
      <Filter>Header Files</Filter>
    </ClInclude>
    <ClInclude Include="include\tbl_dv_address.h">
      <Filter>Header Files</Filter>
    </ClInclude>
    <ClInclude Include="include\tbl_dv_cbc.h">
      <Filter>Header Files</Filter>
    </ClInclude>
    <ClInclude Include="include\tbl_dv_emetcon.h">
      <Filter>Header Files</Filter>
    </ClInclude>
    <ClInclude Include="include\tbl_dv_expresscom.h">
      <Filter>Header Files</Filter>
    </ClInclude>
    <ClInclude Include="include\tbl_dv_idlcremote.h">
      <Filter>Header Files</Filter>
    </ClInclude>
    <ClInclude Include="include\tbl_dv_ied.h">
      <Filter>Header Files</Filter>
    </ClInclude>
    <ClInclude Include="include\tbl_dv_lmg_ripple.h">
      <Filter>Header Files</Filter>
    </ClInclude>
    <ClInclude Include="include\tbl_dv_lmgmct.h">
      <Filter>Header Files</Filter>
    </ClInclude>
    <ClInclude Include="include\tbl_dv_lmvcserial.h">
      <Filter>Header Files</Filter>
    </ClInclude>
    <ClInclude Include="include\tbl_dv_mctiedport.h">
      <Filter>Header Files</Filter>
    </ClInclude>
    <ClInclude Include="include\tbl_dv_pagingreceiver.h">
      <Filter>Header Files</Filter>
    </ClInclude>
    <ClInclude Include="include\tbl_dv_rtc.h">
      <Filter>Header Files</Filter>
    </ClInclude>
    <ClInclude Include="include\tbl_dv_scandata.h">
      <Filter>Header Files</Filter>
    </ClInclude>
    <ClInclude Include="include\tbl_dv_seriesv.h">
      <Filter>Header Files</Filter>
    </ClInclude>
    <ClInclude Include="include\tbl_dv_tappaging.h">
      <Filter>Header Files</Filter>
    </ClInclude>
    <ClInclude Include="include\tbl_dv_tnpp.h">
      <Filter>Header Files</Filter>
    </ClInclude>
    <ClInclude Include="include\tbl_dv_versacom.h">
      <Filter>Header Files</Filter>
    </ClInclude>
    <ClInclude Include="include\tbl_dv_wnd.h">
      <Filter>Header Files</Filter>
    </ClInclude>
    <ClInclude Include="include\tbl_dyn_lcrComms.h">
      <Filter>Header Files</Filter>
    </ClInclude>
    <ClInclude Include="include\tbl_dyn_paoinfo.h">
      <Filter>Header Files</Filter>
    </ClInclude>
    <ClInclude Include="include\tbl_dyn_ptalarming.h">
      <Filter>Header Files</Filter>
    </ClInclude>
    <ClInclude Include="include\tbl_dyn_pttag.h">
      <Filter>Header Files</Filter>
    </ClInclude>
    <ClInclude Include="include\tbl_lm_controlhist.h">
      <Filter>Header Files</Filter>
    </ClInclude>
    <ClInclude Include="include\tbl_lmg_point.h">
      <Filter>Header Files</Filter>
    </ClInclude>
    <ClInclude Include="include\tbl_lmg_sa205105.h">
      <Filter>Header Files</Filter>
    </ClInclude>
    <ClInclude Include="include\tbl_lmg_sa305.h">
      <Filter>Header Files</Filter>
    </ClInclude>
    <ClInclude Include="include\tbl_lmg_sasimple.h">
      <Filter>Header Files</Filter>
    </ClInclude>
    <ClInclude Include="include\tbl_lmprogramhistory.h">
      <Filter>Header Files</Filter>
    </ClInclude>
    <ClInclude Include="include\tbl_loadprofile.h">
      <Filter>Header Files</Filter>
    </ClInclude>
    <ClInclude Include="include\tbl_metergrp.h">
      <Filter>Header Files</Filter>
    </ClInclude>
    <ClInclude Include="include\tbl_meterreadlog.h">
      <Filter>Header Files</Filter>
    </ClInclude>
    <ClInclude Include="include\tbl_pao.h">
      <Filter>Header Files</Filter>
    </ClInclude>
    <ClInclude Include="include\tbl_pao_lite.h">
      <Filter>Header Files</Filter>
    </ClInclude>
    <ClInclude Include="include\tbl_paoexclusion.h">
      <Filter>Header Files</Filter>
    </ClInclude>
    <ClInclude Include="include\tbl_paoproperty.h">
      <Filter>Header Files</Filter>
    </ClInclude>
    <ClInclude Include="include\tbl_port_base.h">
      <Filter>Header Files</Filter>
    </ClInclude>
    <ClInclude Include="include\tbl_port_dialup.h">
      <Filter>Header Files</Filter>
    </ClInclude>
    <ClInclude Include="include\tbl_port_serial.h">
      <Filter>Header Files</Filter>
    </ClInclude>
    <ClInclude Include="include\tbl_port_settings.h">
      <Filter>Header Files</Filter>
    </ClInclude>
    <ClInclude Include="include\tbl_port_tcpip.h">
      <Filter>Header Files</Filter>
    </ClInclude>
    <ClInclude Include="include\tbl_port_timing.h">
      <Filter>Header Files</Filter>
    </ClInclude>
    <ClInclude Include="include\tbl_pt_accum.h">
      <Filter>Header Files</Filter>
    </ClInclude>
    <ClInclude Include="include\tbl_pt_accumhistory.h">
      <Filter>Header Files</Filter>
    </ClInclude>
    <ClInclude Include="include\tbl_pt_alarm.h">
      <Filter>Header Files</Filter>
    </ClInclude>
    <ClInclude Include="include\tbl_pt_analog.h">
      <Filter>Header Files</Filter>
    </ClInclude>
    <ClInclude Include="include\tbl_pt_base.h">
      <Filter>Header Files</Filter>
    </ClInclude>
    <ClInclude Include="include\tbl_pt_control.h">
      <Filter>Header Files</Filter>
    </ClInclude>
    <ClInclude Include="include\tbl_pt_limit.h">
      <Filter>Header Files</Filter>
    </ClInclude>
    <ClInclude Include="include\tbl_pt_property.h">
      <Filter>Header Files</Filter>
    </ClInclude>
    <ClInclude Include="include\tbl_pt_status.h">
      <Filter>Header Files</Filter>
    </ClInclude>
    <ClInclude Include="include\tbl_pt_status_control.h">
      <Filter>Header Files</Filter>
    </ClInclude>
    <ClInclude Include="include\tbl_pt_unit.h">
      <Filter>Header Files</Filter>
    </ClInclude>
    <ClInclude Include="include\tbl_ptdispatch.h">
      <Filter>Header Files</Filter>
    </ClInclude>
    <ClInclude Include="include\tbl_rfnidentifier.h">
      <Filter>Header Files</Filter>
    </ClInclude>
    <ClInclude Include="include\tbl_route.h">
      <Filter>Header Files</Filter>
    </ClInclude>
    <ClInclude Include="include\tbl_rtcarrier.h">
      <Filter>Header Files</Filter>
    </ClInclude>
    <ClInclude Include="include\tbl_rtcomm.h">
      <Filter>Header Files</Filter>
    </ClInclude>
    <ClInclude Include="include\tbl_rtmacro.h">
      <Filter>Header Files</Filter>
    </ClInclude>
    <ClInclude Include="include\tbl_rtrepeater.h">
      <Filter>Header Files</Filter>
    </ClInclude>
    <ClInclude Include="include\tbl_rtversacom.h">
      <Filter>Header Files</Filter>
    </ClInclude>
    <ClInclude Include="include\tbl_scanrate.h">
      <Filter>Header Files</Filter>
    </ClInclude>
    <ClInclude Include="include\tbl_state.h">
      <Filter>Header Files</Filter>
    </ClInclude>
    <ClInclude Include="include\tbl_state_grp.h">
      <Filter>Header Files</Filter>
    </ClInclude>
    <ClInclude Include="include\tbl_static_paoinfo.h">
      <Filter>Header Files</Filter>
    </ClInclude>
    <ClInclude Include="include\tbl_tag.h">
      <Filter>Header Files</Filter>
    </ClInclude>
    <ClInclude Include="include\tbl_taglog.h">
      <Filter>Header Files</Filter>
    </ClInclude>
    <ClInclude Include="include\tbl_unitmeasure.h">
      <Filter>Header Files</Filter>
    </ClInclude>
  </ItemGroup>
</Project>