<?xml version="1.0" encoding="utf-8"?>
<Project ToolsVersion="4.0" xmlns="http://schemas.microsoft.com/developer/msbuild/2003">
  <ItemGroup>
    <Filter Include="Source Files">
      <UniqueIdentifier>{B1F27843-FECA-1BAD-B186-FE937482959B}</UniqueIdentifier>
      <Extensions>cpp;cxx;cc;c;C</Extensions>
    </Filter>
    <Filter Include="Header Files">
      <UniqueIdentifier>{06319535-FECA-1BAD-B186-FE937482959B}</UniqueIdentifier>
      <Extensions>h;hpp;hxx;hh</Extensions>
    </Filter>
  </ItemGroup>
  <ItemGroup>
    <ClCompile Include="test_dnp_application.cpp">
      <Filter>Source Files</Filter>
    </ClCompile>
    <ClCompile Include="test_dnp_datalink.cpp">
      <Filter>Source Files</Filter>
    </ClCompile>
    <ClCompile Include="test_dnp_objects.cpp">
      <Filter>Source Files</Filter>
    </ClCompile>
    <ClCompile Include="test_dnp_transport.cpp">
      <Filter>Source Files</Filter>
    </ClCompile>
    <ClCompile Include="test_main.cpp">
      <Filter>Source Files</Filter>
    </ClCompile>
    <ClCompile Include="test_prot_dnp.cpp">
      <Filter>Source Files</Filter>
    </ClCompile>
    <ClCompile Include="test_prot_e2eDataTransfer.cpp">
      <Filter>Source Files</Filter>
    </ClCompile>
    <ClCompile Include="test_prot_expresscom.cpp">
      <Filter>Source Files</Filter>
    </ClCompile>
    <ClCompile Include="test_prot_klondike.cpp">
      <Filter>Source Files</Filter>
    </ClCompile>
    <ClCompile Include="test_prot_sa305.cpp">
      <Filter>Source Files</Filter>
    </ClCompile>
    <ClCompile Include="..\precompiled.cpp">
      <Filter>Source Files</Filter>
    </ClCompile>
    <ClCompile Include="..\COMMON\boost_assert.cpp">
      <Filter>Source Files</Filter>
    </ClCompile>
  </ItemGroup>
</Project>