<?xml version="1.0" encoding="utf-8"?>
<Project ToolsVersion="4.0" xmlns="http://schemas.microsoft.com/developer/msbuild/2003">
  <ItemGroup>
    <Filter Include="Source Files">
      <UniqueIdentifier>{B1F27843-FECA-1BAD-8091-A53AF773D5B1}</UniqueIdentifier>
      <Extensions>cpp;cxx;cc;c;C</Extensions>
    </Filter>
    <Filter Include="Header Files">
      <UniqueIdentifier>{06319535-FECA-1BAD-8091-A53AF773D5B1}</UniqueIdentifier>
      <Extensions>h;hpp;hxx;hh</Extensions>
    </Filter>
    <Filter Include="Resource Files">
      <UniqueIdentifier>{502A2050-FECA-1BAD-8091-A53AF773D5B1}</UniqueIdentifier>
      <Extensions>rc;ico;cur;bmp;dlg;rc2;rct;bin;cnt;rtf;gif;jpg;jpeg;jpe</Extensions>
    </Filter>
  </ItemGroup>
  <ItemGroup>
    <ClCompile Include="config_device.cpp">
      <Filter>Source Files</Filter>
    </ClCompile>
    <ClCompile Include="config_strings.cpp">
      <Filter>Source Files</Filter>
    </ClCompile>
    <ClCompile Include="da_lp_deviceconfig.cpp">
      <Filter>Source Files</Filter>
    </ClCompile>
    <ClCompile Include="id_dcdll.cpp">
      <Filter>Source Files</Filter>
    </ClCompile>
    <ClCompile Include="mgr_config.cpp">
      <Filter>Source Files</Filter>
    </ClCompile>
    <ClCompile Include="..\precompiled.cpp">
      <Filter>Source Files</Filter>
    </ClCompile>
    <ClCompile Include="..\COMMON\boost_assert.cpp">
      <Filter>Source Files</Filter>
    </ClCompile>
    <ClCompile Include="mgr_behavior.cpp">
      <Filter>Source Files</Filter>
    </ClCompile>
    <ClCompile Include="behavior_device.cpp">
      <Filter>Source Files</Filter>
    </ClCompile>
    <ClCompile Include="behavior_rfnDataStreaming.cpp">
      <Filter>Source Files</Filter>
    </ClCompile>
    <ClCompile Include="mgr_meter_programming.cpp">
      <Filter>Source Files</Filter>
    </ClCompile>
  </ItemGroup>
  <ItemGroup>
    <ClInclude Include="include\config_data_dnp.h">
      <Filter>Header Files</Filter>
    </ClInclude>
    <ClInclude Include="include\config_data_mct.h">
      <Filter>Header Files</Filter>
    </ClInclude>
    <ClInclude Include="include\config_data_regulator.h">
      <Filter>Header Files</Filter>
    </ClInclude>
    <ClInclude Include="include\config_data_rfn.h">
      <Filter>Header Files</Filter>
    </ClInclude>
    <ClInclude Include="include\config_device.h">
      <Filter>Header Files</Filter>
    </ClInclude>
    <ClInclude Include="include\da_lp_deviceconfig.h">
      <Filter>Header Files</Filter>
    </ClInclude>
    <ClInclude Include="include\id_dcdll.h">
      <Filter>Header Files</Filter>
    </ClInclude>
    <ClInclude Include="include\mgr_config.h">
      <Filter>Header Files</Filter>
    </ClInclude>
    <ClInclude Include="include\mgr_behavior.h">
      <Filter>Header Files</Filter>
    </ClInclude>
    <ClInclude Include="include\behavior_device.h">
      <Filter>Header Files</Filter>
    </ClInclude>
    <ClInclude Include="include\behavior_rfnDataStreaming.h">
      <Filter>Header Files</Filter>
    </ClInclude>
    <ClInclude Include="include\config_data_cbc.h">
      <Filter>Header Files</Filter>
    </ClInclude>
    <ClInclude Include="include\mgr_meter_programming.h">
      <Filter>Header Files</Filter>
    </ClInclude>
  </ItemGroup>
  <ItemGroup>
    <ResourceCompile Include="..\versioninfo.rc">
      <Filter>Resource Files</Filter>
    </ResourceCompile>
  </ItemGroup>
</Project>