<?xml version="1.0" encoding="utf-8"?>
<Project ToolsVersion="4.0" xmlns="http://schemas.microsoft.com/developer/msbuild/2003">
  <ItemGroup>
    <Filter Include="Source Files">
      <UniqueIdentifier>{B1F27843-FECA-1BAD-4657-EE4C0659BB9E}</UniqueIdentifier>
      <Extensions>cpp;cxx;cc;c;C</Extensions>
    </Filter>
    <Filter Include="Header Files">
      <UniqueIdentifier>{06319535-FECA-1BAD-4657-EE4C0659BB9E}</UniqueIdentifier>
      <Extensions>h;hpp;hxx;hh</Extensions>
    </Filter>
    <Filter Include="Resource Files">
      <UniqueIdentifier>{502A2050-FECA-1BAD-4657-EE4C0659BB9E}</UniqueIdentifier>
      <Extensions>rc;ico;cur;bmp;dlg;rc2;rct;bin;cnt;rtf;gif;jpg;jpeg;jpe</Extensions>
    </Filter>
  </ItemGroup>
  <ItemGroup>
    <ClCompile Include="AttributeService.cpp">
      <Filter>Source Files</Filter>
    </ClCompile>
    <ClCompile Include="BeatThePeakAlertLevel.cpp">
      <Filter>Source Files</Filter>
    </ClCompile>
    <ClCompile Include="cmdparse.cpp">
      <Filter>Source Files</Filter>
    </ClCompile>
    <ClCompile Include="counter.cpp">
      <Filter>Source Files</Filter>
    </ClCompile>
    <ClCompile Include="cparms.cpp">
      <Filter>Source Files</Filter>
    </ClCompile>
    <ClCompile Include="critical_section.cpp">
      <Filter>Source Files</Filter>
    </ClCompile>
    <ClCompile Include="ctdpcptrq.cpp">
      <Filter>Source Files</Filter>
    </ClCompile>
    <ClCompile Include="cti_asmc.cpp">
      <Filter>Source Files</Filter>
    </ClCompile>
    <ClCompile Include="cticalls.cpp">
      <Filter>Source Files</Filter>
    </ClCompile>
    <ClCompile Include="ctidate.cpp">
      <Filter>Source Files</Filter>
    </ClCompile>
    <ClCompile Include="ctitime.cpp">
      <Filter>Source Files</Filter>
    </ClCompile>
    <ClCompile Include="ctitokenizer.cpp">
      <Filter>Source Files</Filter>
    </ClCompile>
    <ClCompile Include="database_connection.cpp">
      <Filter>Source Files</Filter>
    </ClCompile>
    <ClCompile Include="database_reader.cpp">
      <Filter>Source Files</Filter>
    </ClCompile>
    <ClCompile Include="database_transaction.cpp">
      <Filter>Source Files</Filter>
    </ClCompile>
    <ClCompile Include="database_util.cpp">
      <Filter>Source Files</Filter>
    </ClCompile>
    <ClCompile Include="database_writer.cpp">
      <Filter>Source Files</Filter>
    </ClCompile>
    <ClCompile Include="date_utility.cpp">
      <Filter>Source Files</Filter>
    </ClCompile>
    <ClCompile Include="dbaccess.cpp">
      <Filter>Source Files</Filter>
    </ClCompile>
    <ClCompile Include="debug_timer.cpp">
      <Filter>Source Files</Filter>
    </ClCompile>
    <ClCompile Include="desolvers.cpp">
      <Filter>Source Files</Filter>
    </ClCompile>
    <ClCompile Include="DeviceAttributeLookup.cpp">
      <Filter>Source Files</Filter>
    </ClCompile>
    <ClCompile Include="DeviceConfigDescription.cpp">
      <Filter>Source Files</Filter>
    </ClCompile>
    <ClCompile Include="dllbase.cpp">
      <Filter>Source Files</Filter>
    </ClCompile>
    <ClCompile Include="elog_cli.cpp">
      <Filter>Source Files</Filter>
    </ClCompile>
    <ClCompile Include="encryption.cpp">
      <Filter>Source Files</Filter>
    </ClCompile>
    <ClCompile Include="exception_helper.cpp">
      <Filter>Source Files</Filter>
    </ClCompile>
    <ClCompile Include="fileint.cpp">
      <Filter>Source Files</Filter>
    </ClCompile>
    <ClCompile Include="guard.cpp">
      <Filter>Source Files</Filter>
    </ClCompile>
    <ClCompile Include="id_ctibase.cpp">
      <Filter>Source Files</Filter>
    </ClCompile>
    <ClCompile Include="json.cpp">
      <Filter>Source Files</Filter>
    </ClCompile>
    <ClCompile Include="LitePoint.cpp">
      <Filter>Source Files</Filter>
    </ClCompile>
    <ClCompile Include="logFileAppender.cpp">
      <Filter>Source Files</Filter>
    </ClCompile>
    <ClCompile Include="logger.cpp">
      <Filter>Source Files</Filter>
    </ClCompile>
    <ClCompile Include="logLayout.cpp">
      <Filter>Source Files</Filter>
    </ClCompile>
    <ClCompile Include="logManager.cpp">
      <Filter>Source Files</Filter>
    </ClCompile>
    <ClCompile Include="macro_offset.cpp">
      <Filter>Source Files</Filter>
    </ClCompile>
    <ClCompile Include="master.cpp">
      <Filter>Source Files</Filter>
    </ClCompile>
    <ClCompile Include="MetricIdLookup.cpp">
      <Filter>Source Files</Filter>
    </ClCompile>
    <ClCompile Include="millisecond_timer.cpp">
      <Filter>Source Files</Filter>
    </ClCompile>
    <ClCompile Include="module_util.cpp">
      <Filter>Source Files</Filter>
    </ClCompile>
    <ClCompile Include="mutex.cpp">
      <Filter>Source Files</Filter>
    </ClCompile>
    <ClCompile Include="numstr.cpp">
      <Filter>Source Files</Filter>
    </ClCompile>
    <ClCompile Include="observe.cpp">
      <Filter>Source Files</Filter>
    </ClCompile>
    <ClCompile Include="queue.cpp">
      <Filter>Source Files</Filter>
    </ClCompile>
    <ClCompile Include="queues.cpp">
      <Filter>Source Files</Filter>
    </ClCompile>
    <ClCompile Include="readers_writer_lock.cpp">
      <Filter>Source Files</Filter>
    </ClCompile>
    <ClCompile Include="regression.cpp">
      <Filter>Source Files</Filter>
    </ClCompile>
    <ClCompile Include="repeaterrole.cpp">
      <Filter>Source Files</Filter>
    </ClCompile>
    <ClCompile Include="resolvers.cpp">
      <Filter>Source Files</Filter>
    </ClCompile>
    <ClCompile Include="resource_helper.cpp">
      <Filter>Source Files</Filter>
    </ClCompile>
    <ClCompile Include="rtdb.cpp">
      <Filter>Source Files</Filter>
    </ClCompile>
    <ClCompile Include="sema.cpp">
      <Filter>Source Files</Filter>
    </ClCompile>
    <ClCompile Include="stdexcepthdlr.cpp">
      <Filter>Source Files</Filter>
    </ClCompile>
    <ClCompile Include="streamBuffer.cpp">
      <Filter>Source Files</Filter>
    </ClCompile>
    <ClCompile Include="streamLocalConnection.cpp">
      <Filter>Source Files</Filter>
    </ClCompile>
    <ClCompile Include="streamSocketConnection.cpp">
      <Filter>Source Files</Filter>
    </ClCompile>
    <ClCompile Include="streamSocketListener.cpp">
      <Filter>Source Files</Filter>
    </ClCompile>
    <ClCompile Include="string_util.cpp">
      <Filter>Source Files</Filter>
    </ClCompile>
    <ClCompile Include="thread.cpp">
      <Filter>Source Files</Filter>
    </ClCompile>
    <ClCompile Include="thread_monitor.cpp">
      <Filter>Source Files</Filter>
    </ClCompile>
    <ClCompile Include="thread_register_data.cpp">
      <Filter>Source Files</Filter>
    </ClCompile>
    <ClCompile Include="ThreadStatusKeeper.cpp">
      <Filter>Source Files</Filter>
    </ClCompile>
    <ClCompile Include="timeperiod.cpp">
      <Filter>Source Files</Filter>
    </ClCompile>
    <ClCompile Include="timing_util.cpp">
      <Filter>Source Files</Filter>
    </ClCompile>
    <ClCompile Include="truncatingConsoleAppender.cpp">
      <Filter>Source Files</Filter>
    </ClCompile>
    <ClCompile Include="ucttime.cpp">
      <Filter>Source Files</Filter>
    </ClCompile>
    <ClCompile Include="utility.cpp">
      <Filter>Source Files</Filter>
    </ClCompile>
    <ClCompile Include="verification_objects.cpp">
      <Filter>Source Files</Filter>
    </ClCompile>
    <ClCompile Include="words.cpp">
      <Filter>Source Files</Filter>
    </ClCompile>
    <ClCompile Include="worker_thread.cpp">
      <Filter>Source Files</Filter>
    </ClCompile>
    <ClCompile Include="xfer.cpp">
      <Filter>Source Files</Filter>
    </ClCompile>
    <ClCompile Include="xml.cpp">
      <Filter>Source Files</Filter>
    </ClCompile>
    <ClCompile Include="..\precompiled.cpp">
      <Filter>Source Files</Filter>
    </ClCompile>
    <ClCompile Include="GlobalSettings.cpp">
      <Filter>Source Files</Filter>
    </ClCompile>
    <ClCompile Include="connectionHandle.cpp">
      <Filter>Source Files</Filter>
    </ClCompile>
    <ClCompile Include="boost_assert.cpp">
      <Filter>Source Files</Filter>
    </ClCompile>
    <ClCompile Include="socket_helper.cpp">
      <Filter>Source Files</Filter>
    </ClCompile>
    <ClCompile Include="database_bulk_writer.cpp">
      <Filter>Source Files</Filter>
    </ClCompile>
    <ClCompile Include="xml_parsers.cpp">
      <Filter>Source Files</Filter>
    </ClCompile>
    <ClCompile Include="Attribute.cpp">
      <Filter>Source Files</Filter>
    </ClCompile>
    <ClCompile Include="db_connection_proxy.cpp">
      <Filter>Source Files</Filter>
    </ClCompile>
    <ClCompile Include="db_connection_manager.cpp">
      <Filter>Source Files</Filter>
    </ClCompile>
    <ClCompile Include="error.cpp">
      <Filter>Source Files</Filter>
    </ClCompile>
    <ClCompile Include="CallSite.cpp">
      <Filter>Source Files</Filter>
    </ClCompile>
  </ItemGroup>
  <ItemGroup>
    <ClInclude Include="include\AttributeService.h">
      <Filter>Header Files</Filter>
    </ClInclude>
    <ClInclude Include="include\BeatThePeakAlertLevel.h">
      <Filter>Header Files</Filter>
    </ClInclude>
    <ClInclude Include="include\boost_test_helpers.h">
      <Filter>Header Files</Filter>
    </ClInclude>
    <ClInclude Include="include\boost_time.h">
      <Filter>Header Files</Filter>
    </ClInclude>
    <ClInclude Include="include\boostutil.h">
      <Filter>Header Files</Filter>
    </ClInclude>
    <ClInclude Include="include\cmdparse.h">
      <Filter>Header Files</Filter>
    </ClInclude>
    <ClInclude Include="include\collectable.h">
      <Filter>Header Files</Filter>
    </ClInclude>
    <ClInclude Include="include\COLOR.H">
      <Filter>Header Files</Filter>
    </ClInclude>
    <ClInclude Include="include\constants.h">
      <Filter>Header Files</Filter>
    </ClInclude>
    <ClInclude Include="include\counter.h">
      <Filter>Header Files</Filter>
    </ClInclude>
    <ClInclude Include="include\CParms.h">
      <Filter>Header Files</Filter>
    </ClInclude>
    <ClInclude Include="include\critical_section.h">
      <Filter>Header Files</Filter>
    </ClInclude>
    <ClInclude Include="include\ctdpcptrq.h">
      <Filter>Header Files</Filter>
    </ClInclude>
    <ClInclude Include="include\CTI_ASMC.H">
      <Filter>Header Files</Filter>
    </ClInclude>
    <ClInclude Include="include\ctibase.h">
      <Filter>Header Files</Filter>
    </ClInclude>
    <ClInclude Include="include\CTICALLS.H">
      <Filter>Header Files</Filter>
    </ClInclude>
    <ClInclude Include="include\ctidate.h">
      <Filter>Header Files</Filter>
    </ClInclude>
    <ClInclude Include="include\ctidbgmem.h">
      <Filter>Header Files</Filter>
    </ClInclude>
    <ClInclude Include="include\ctipcptrqueue.h">
      <Filter>Header Files</Filter>
    </ClInclude>
    <ClInclude Include="include\ctiqueues.h">
      <Filter>Header Files</Filter>
    </ClInclude>
    <ClInclude Include="include\ctitime.h">
      <Filter>Header Files</Filter>
    </ClInclude>
    <ClInclude Include="include\ctitokenizer.h">
      <Filter>Header Files</Filter>
    </ClInclude>
    <ClInclude Include="include\database_connection.h">
      <Filter>Header Files</Filter>
    </ClInclude>
    <ClInclude Include="include\database_exceptions.h">
      <Filter>Header Files</Filter>
    </ClInclude>
    <ClInclude Include="include\database_reader.h">
      <Filter>Header Files</Filter>
    </ClInclude>
    <ClInclude Include="include\database_transaction.h">
      <Filter>Header Files</Filter>
    </ClInclude>
    <ClInclude Include="include\database_util.h">
      <Filter>Header Files</Filter>
    </ClInclude>
    <ClInclude Include="include\database_writer.h">
      <Filter>Header Files</Filter>
    </ClInclude>
    <ClInclude Include="include\date_utility.h">
      <Filter>Header Files</Filter>
    </ClInclude>
    <ClInclude Include="include\db_entry_defines.h">
      <Filter>Header Files</Filter>
    </ClInclude>
    <ClInclude Include="include\dbaccess.h">
      <Filter>Header Files</Filter>
    </ClInclude>
    <ClInclude Include="include\debug_timer.h">
      <Filter>Header Files</Filter>
    </ClInclude>
    <ClInclude Include="include\desolvers.h">
      <Filter>Header Files</Filter>
    </ClInclude>
    <ClInclude Include="include\DeviceAttributeLookup.h">
      <Filter>Header Files</Filter>
    </ClInclude>
    <ClInclude Include="include\DeviceConfigDescription.h">
      <Filter>Header Files</Filter>
    </ClInclude>
    <ClInclude Include="include\devicetypes.h">
      <Filter>Header Files</Filter>
    </ClInclude>
    <ClInclude Include="include\dllbase.h">
      <Filter>Header Files</Filter>
    </ClInclude>
    <ClInclude Include="include\dlldefs.h">
      <Filter>Header Files</Filter>
    </ClInclude>
    <ClInclude Include="include\dsm2.h">
      <Filter>Header Files</Filter>
    </ClInclude>
    <ClInclude Include="include\Elogger.h">
      <Filter>Header Files</Filter>
    </ClInclude>
    <ClInclude Include="include\encryption.h">
      <Filter>Header Files</Filter>
    </ClInclude>
    <ClInclude Include="include\exception_helper.h">
      <Filter>Header Files</Filter>
    </ClInclude>
    <ClInclude Include="include\Exceptions.h">
      <Filter>Header Files</Filter>
    </ClInclude>
    <ClInclude Include="include\fileint.h">
      <Filter>Header Files</Filter>
    </ClInclude>
    <ClInclude Include="include\guard.h">
      <Filter>Header Files</Filter>
    </ClInclude>
    <ClInclude Include="include\id_ctibase.h">
      <Filter>Header Files</Filter>
    </ClInclude>
    <ClInclude Include="include\immutable.h">
      <Filter>Header Files</Filter>
    </ClInclude>
    <ClInclude Include="include\json.h">
      <Filter>Header Files</Filter>
    </ClInclude>
    <ClInclude Include="include\LitePoint.h">
      <Filter>Header Files</Filter>
    </ClInclude>
    <ClInclude Include="include\logFileAppender.h">
      <Filter>Header Files</Filter>
    </ClInclude>
    <ClInclude Include="include\loggable.h">
      <Filter>Header Files</Filter>
    </ClInclude>
    <ClInclude Include="include\logger.h">
      <Filter>Header Files</Filter>
    </ClInclude>
    <ClInclude Include="include\logLayout.h">
      <Filter>Header Files</Filter>
    </ClInclude>
    <ClInclude Include="include\logManager.h">
      <Filter>Header Files</Filter>
    </ClInclude>
    <ClInclude Include="include\macro_offset.h">
      <Filter>Header Files</Filter>
    </ClInclude>
    <ClInclude Include="include\MASTER.H">
      <Filter>Header Files</Filter>
    </ClInclude>
    <ClInclude Include="include\MetricIdLookup.h">
      <Filter>Header Files</Filter>
    </ClInclude>
    <ClInclude Include="include\millisecond_timer.h">
      <Filter>Header Files</Filter>
    </ClInclude>
    <ClInclude Include="include\module_util.h">
      <Filter>Header Files</Filter>
    </ClInclude>
    <ClInclude Include="include\mutex.h">
      <Filter>Header Files</Filter>
    </ClInclude>
    <ClInclude Include="include\numstr.h">
      <Filter>Header Files</Filter>
    </ClInclude>
    <ClInclude Include="include\observe.h">
      <Filter>Header Files</Filter>
    </ClInclude>
    <ClInclude Include="include\optional.h">
      <Filter>Header Files</Filter>
    </ClInclude>
    <ClInclude Include="include\OS2_2W32.H">
      <Filter>Header Files</Filter>
    </ClInclude>
    <ClInclude Include="include\parsevalue.h">
      <Filter>Header Files</Filter>
    </ClInclude>
    <ClInclude Include="include\pointdefs.h">
      <Filter>Header Files</Filter>
    </ClInclude>
    <ClInclude Include="include\pointtypes.h">
      <Filter>Header Files</Filter>
    </ClInclude>
    <ClInclude Include="include\PORTER.H">
      <Filter>Header Files</Filter>
    </ClInclude>
    <ClInclude Include="include\precompiled.h">
      <Filter>Header Files</Filter>
    </ClInclude>
    <ClInclude Include="include\queue.h">
      <Filter>Header Files</Filter>
    </ClInclude>
    <ClInclude Include="include\QUEUES.H">
      <Filter>Header Files</Filter>
    </ClInclude>
    <ClInclude Include="include\random_generator.h">
      <Filter>Header Files</Filter>
    </ClInclude>
    <ClInclude Include="include\readers_writer_lock.h">
      <Filter>Header Files</Filter>
    </ClInclude>
    <ClInclude Include="include\regression.h">
      <Filter>Header Files</Filter>
    </ClInclude>
    <ClInclude Include="include\repeaterrole.h">
      <Filter>Header Files</Filter>
    </ClInclude>
    <ClInclude Include="include\resolvers.h">
      <Filter>Header Files</Filter>
    </ClInclude>
    <ClInclude Include="include\resource_helper.h">
      <Filter>Header Files</Filter>
    </ClInclude>
    <ClInclude Include="include\rfn_identifier.h">
      <Filter>Header Files</Filter>
    </ClInclude>
    <ClInclude Include="include\row_reader.h">
      <Filter>Header Files</Filter>
    </ClInclude>
    <ClInclude Include="include\row_writer.h">
      <Filter>Header Files</Filter>
    </ClInclude>
    <ClInclude Include="include\rtdb.h">
      <Filter>Header Files</Filter>
    </ClInclude>
    <ClInclude Include="include\sema.h">
      <Filter>Header Files</Filter>
    </ClInclude>
    <ClInclude Include="include\smartmap.h">
      <Filter>Header Files</Filter>
    </ClInclude>
    <ClInclude Include="include\socket_helper.h">
      <Filter>Header Files</Filter>
    </ClInclude>
    <ClInclude Include="include\sorted_vector.h">
      <Filter>Header Files</Filter>
    </ClInclude>
    <ClInclude Include="include\std_helper.h">
      <Filter>Header Files</Filter>
    </ClInclude>
    <ClInclude Include="include\stdexcepthdlr.h">
      <Filter>Header Files</Filter>
    </ClInclude>
    <ClInclude Include="include\streamBuffer.h">
      <Filter>Header Files</Filter>
    </ClInclude>
    <ClInclude Include="include\streamConnection.h">
      <Filter>Header Files</Filter>
    </ClInclude>
    <ClInclude Include="include\streamLocalConnection.h">
      <Filter>Header Files</Filter>
    </ClInclude>
    <ClInclude Include="include\streamSocketConnection.h">
      <Filter>Header Files</Filter>
    </ClInclude>
    <ClInclude Include="include\streamSocketListener.h">
      <Filter>Header Files</Filter>
    </ClInclude>
    <ClInclude Include="include\string_util.h">
      <Filter>Header Files</Filter>
    </ClInclude>
    <ClInclude Include="include\test_cmdparse_input.h">
      <Filter>Header Files</Filter>
    </ClInclude>
    <ClInclude Include="include\test_cmdparse_output.h">
      <Filter>Header Files</Filter>
    </ClInclude>
    <ClInclude Include="include\test_reader.h">
      <Filter>Header Files</Filter>
    </ClInclude>
    <ClInclude Include="include\thread.h">
      <Filter>Header Files</Filter>
    </ClInclude>
    <ClInclude Include="include\thread_listener.h">
      <Filter>Header Files</Filter>
    </ClInclude>
    <ClInclude Include="include\thread_monitor.h">
      <Filter>Header Files</Filter>
    </ClInclude>
    <ClInclude Include="include\thread_register_data.h">
      <Filter>Header Files</Filter>
    </ClInclude>
    <ClInclude Include="include\ThreadStatusKeeper.h">
      <Filter>Header Files</Filter>
    </ClInclude>
    <ClInclude Include="include\timeperiod.h">
      <Filter>Header Files</Filter>
    </ClInclude>
    <ClInclude Include="include\timing_util.h">
      <Filter>Header Files</Filter>
    </ClInclude>
    <ClInclude Include="include\truncatingConsoleAppender.h">
      <Filter>Header Files</Filter>
    </ClInclude>
    <ClInclude Include="include\types.h">
      <Filter>Header Files</Filter>
    </ClInclude>
    <ClInclude Include="include\utility.h">
      <Filter>Header Files</Filter>
    </ClInclude>
    <ClInclude Include="include\vcomdefs.h">
      <Filter>Header Files</Filter>
    </ClInclude>
    <ClInclude Include="include\verification_objects.h">
      <Filter>Header Files</Filter>
    </ClInclude>
    <ClInclude Include="include\version.h">
      <Filter>Header Files</Filter>
    </ClInclude>
    <ClInclude Include="include\win_helper.h">
      <Filter>Header Files</Filter>
    </ClInclude>
    <ClInclude Include="include\words.h">
      <Filter>Header Files</Filter>
    </ClInclude>
    <ClInclude Include="include\worker_thread.h">
      <Filter>Header Files</Filter>
    </ClInclude>
    <ClInclude Include="include\xfer.h">
      <Filter>Header Files</Filter>
    </ClInclude>
    <ClInclude Include="include\xml.h">
      <Filter>Header Files</Filter>
    </ClInclude>
    <ClInclude Include="include\yukon.h">
      <Filter>Header Files</Filter>
    </ClInclude>
    <ClInclude Include="include\GlobalSettings.h">
      <Filter>Header Files</Filter>
    </ClInclude>
    <ClInclude Include="include\connectionHandle.h">
      <Filter>Header Files</Filter>
    </ClInclude>
    <ClInclude Include="include\concurrentSet.h">
      <Filter>Header Files</Filter>
    </ClInclude>
    <ClInclude Include="include\coroutine_util.h">
      <Filter>Header Files</Filter>
    </ClInclude>
    <ClInclude Include="include\error_helper.h">
      <Filter>Header Files</Filter>
    </ClInclude>
    <ClInclude Include="include\database_bulk_writer.h">
      <Filter>Header Files</Filter>
    </ClInclude>
    <ClInclude Include="include\MessageCounter.h">
      <Filter>Header Files</Filter>
    </ClInclude>
    <ClInclude Include="include\xml_parsers.h">
      <Filter>Header Files</Filter>
    </ClInclude>
    <ClInclude Include="include\Attribute.h">
      <Filter>Header Files</Filter>
    </ClInclude>
    <ClInclude Include="include\db_connection_proxy.h">
      <Filter>Header Files</Filter>
    </ClInclude>
    <ClInclude Include="include\db_connection_manager.h">
      <Filter>Header Files</Filter>
    </ClInclude>
    <ClInclude Include="include\error.h">
      <Filter>Header Files</Filter>
    </ClInclude>
    <ClInclude Include="include\DeviceCreationDescriptor.h">
      <Filter>Header Files</Filter>
    </ClInclude>
    <ClInclude Include="include\CallSite.h">
      <Filter>Header Files</Filter>
    </ClInclude>
  </ItemGroup>
  <ItemGroup>
    <ResourceCompile Include="..\versioninfo.rc">
      <Filter>Resource Files</Filter>
    </ResourceCompile>
  </ItemGroup>
</Project>