<?xml version="1.0" encoding="utf-8"?>
<Project ToolsVersion="4.0" xmlns="http://schemas.microsoft.com/developer/msbuild/2003">
  <ItemGroup>
    <Filter Include="Source Files">
      <UniqueIdentifier>{B1F27843-FECA-1BAD-C9B8-933A0659BB9E}</UniqueIdentifier>
      <Extensions>cpp;cxx;cc;c;C</Extensions>
    </Filter>
    <Filter Include="Header Files">
      <UniqueIdentifier>{06319535-FECA-1BAD-C9B8-933A0659BB9E}</UniqueIdentifier>
      <Extensions>h;hpp;hxx;hh</Extensions>
    </Filter>
  </ItemGroup>
  <ItemGroup>
    <ClCompile Include="test_cmdparse.cpp">
      <Filter>Source Files</Filter>
    </ClCompile>
    <ClCompile Include="test_compiler_behaviors.cpp">
      <Filter>Source Files</Filter>
    </ClCompile>
    <ClCompile Include="test_ctidate.cpp">
      <Filter>Source Files</Filter>
    </ClCompile>
    <ClCompile Include="test_CtiPCPtrQueue.cpp">
      <Filter>Source Files</Filter>
    </ClCompile>
    <ClCompile Include="test_ctitime.cpp">
      <Filter>Source Files</Filter>
    </ClCompile>
    <ClCompile Include="test_database_util.cpp">
      <Filter>Source Files</Filter>
    </ClCompile>
    <ClCompile Include="test_date_utility.cpp">
      <Filter>Source Files</Filter>
    </ClCompile>
    <ClCompile Include="test_dbaccess.cpp">
      <Filter>Source Files</Filter>
    </ClCompile>
    <ClCompile Include="test_desolvers.cpp">
      <Filter>Source Files</Filter>
    </ClCompile>
    <ClCompile Include="test_encryption.cpp">
      <Filter>Source Files</Filter>
    </ClCompile>
    <ClCompile Include="test_error.cpp">
      <Filter>Source Files</Filter>
    </ClCompile>
    <ClCompile Include="test_logger.cpp">
      <Filter>Source Files</Filter>
    </ClCompile>
    <ClCompile Include="test_main.cpp">
      <Filter>Source Files</Filter>
    </ClCompile>
    <ClCompile Include="test_multiset.cpp">
      <Filter>Source Files</Filter>
    </ClCompile>
    <ClCompile Include="test_numstr.cpp">
      <Filter>Source Files</Filter>
    </ClCompile>
    <ClCompile Include="test_old_queues.cpp">
      <Filter>Source Files</Filter>
    </ClCompile>
    <ClCompile Include="test_queue.cpp">
      <Filter>Source Files</Filter>
    </ClCompile>
    <ClCompile Include="test_readers_writer_lock.cpp">
      <Filter>Source Files</Filter>
    </ClCompile>
    <ClCompile Include="test_resolvers.cpp">
      <Filter>Source Files</Filter>
    </ClCompile>
    <ClCompile Include="test_std_helper.cpp">
      <Filter>Source Files</Filter>
    </ClCompile>
    <ClCompile Include="test_string_formatter.cpp">
      <Filter>Source Files</Filter>
    </ClCompile>
    <ClCompile Include="test_string_util.cpp">
      <Filter>Source Files</Filter>
    </ClCompile>
    <ClCompile Include="test_timeperiod.cpp">
      <Filter>Source Files</Filter>
    </ClCompile>
    <ClCompile Include="test_utility.cpp">
      <Filter>Source Files</Filter>
    </ClCompile>
    <ClCompile Include="test_words.cpp">
      <Filter>Source Files</Filter>
    </ClCompile>
    <ClCompile Include="boost_assert.cpp">
      <Filter>Source Files</Filter>
    </ClCompile>
    <ClCompile Include="test_guard.cpp">
      <Filter>Source Files</Filter>
    </ClCompile>
    <ClCompile Include="test_coroutines.cpp">
      <Filter>Source Files</Filter>
    </ClCompile>
    <ClCompile Include="test_database_bulk_writer.cpp">
      <Filter>Source Files</Filter>
    </ClCompile>
    <ClCompile Include="test_DeviceAttributeLookup.cpp">
      <Filter>Source Files</Filter>
    </ClCompile>
    <ClCompile Include="test_MetricIdLookup.cpp">
      <Filter>Source Files</Filter>
    </ClCompile>
    <ClCompile Include="test_socket_helper.cpp">
      <Filter>Source Files</Filter>
    </ClCompile>
    <ClCompile Include="test_CallSite.cpp">
      <Filter>Source Files</Filter>
    </ClCompile>
    <ClCompile Include="test_ThirdPartyLibraries.cpp">
      <Filter>Source Files</Filter>
    </ClCompile>
    <ClCompile Include="ThirdPartyLibraries.cpp">
      <Filter>Source Files</Filter>
    </ClCompile>
    <ClCompile Include="resource_helper.cpp">
      <Filter>Source Files</Filter>
    </ClCompile>
    <ClCompile Include="test_checksums.cpp">
      <Filter>Source Files</Filter>
    </ClCompile>
  </ItemGroup>
  <ItemGroup>
    <ClInclude Include="include\boost_test_helpers.h">
      <Filter>Header Files</Filter>
    </ClInclude>
  </ItemGroup>
</Project>