<?xml version="1.0" encoding="utf-8"?>
<Project ToolsVersion="4.0" xmlns="http://schemas.microsoft.com/developer/msbuild/2003">
  <ItemGroup>
    <Filter Include="Source Files">
      <UniqueIdentifier>{B1F27843-FECA-1BAD-E410-8C2107525022}</UniqueIdentifier>
      <Extensions>cpp;cxx;cc;c;C</Extensions>
    </Filter>
    <Filter Include="Header Files">
      <UniqueIdentifier>{06319535-FECA-1BAD-E410-8C2107525022}</UniqueIdentifier>
      <Extensions>h;hpp;hxx;hh</Extensions>
    </Filter>
    <Filter Include="Resource Files">
      <UniqueIdentifier>{502A2050-FECA-1BAD-E410-8C2107525022}</UniqueIdentifier>
      <Extensions>rc;ico;cur;bmp;dlg;rc2;rct;bin;cnt;rtf;gif;jpg;jpeg;jpe</Extensions>
    </Filter>
  </ItemGroup>
  <ItemGroup>
    <ClCompile Include="con_mgr.cpp">
      <Filter>Source Files</Filter>
    </ClCompile>
    <ClCompile Include="exe_cmd.cpp">
      <Filter>Source Files</Filter>
    </ClCompile>
    <ClCompile Include="exe_reg.cpp">
      <Filter>Source Files</Filter>
    </ClCompile>
    <ClCompile Include="executor.cpp">
      <Filter>Source Files</Filter>
    </ClCompile>
    <ClCompile Include="executorfactory.cpp">
      <Filter>Source Files</Filter>
    </ClCompile>
    <ClCompile Include="server_b.cpp">
      <Filter>Source Files</Filter>
    </ClCompile>
    <ClCompile Include="..\precompiled.cpp">
      <Filter>Source Files</Filter>
    </ClCompile>
  </ItemGroup>
  <ItemGroup>
    <ClInclude Include="include\con_mgr.h">
      <Filter>Header Files</Filter>
    </ClInclude>
    <ClInclude Include="include\exe_cmd.h">
      <Filter>Header Files</Filter>
    </ClInclude>
    <ClInclude Include="include\exe_reg.h">
      <Filter>Header Files</Filter>
    </ClInclude>
    <ClInclude Include="include\executor.h">
      <Filter>Header Files</Filter>
    </ClInclude>
    <ClInclude Include="include\executorfactory.h">
      <Filter>Header Files</Filter>
    </ClInclude>
    <ClInclude Include="include\id_svr.h">
      <Filter>Header Files</Filter>
    </ClInclude>
    <ClInclude Include="include\server_b.h">
      <Filter>Header Files</Filter>
    </ClInclude>
  </ItemGroup>
  <ItemGroup>
    <ResourceCompile Include="..\versioninfo.rc">
      <Filter>Resource Files</Filter>
    </ResourceCompile>
  </ItemGroup>
</Project>