<?xml version="1.0" encoding="utf-8"?>
<Project ToolsVersion="4.0" xmlns="http://schemas.microsoft.com/developer/msbuild/2003">
  <ItemGroup>
    <Filter Include="Source Files">
      <UniqueIdentifier>{B1F27843-FECA-1BAD-E6FE-8C21000076FC}</UniqueIdentifier>
      <Extensions>cpp;cxx;cc;c;C</Extensions>
    </Filter>
    <Filter Include="Header Files">
      <UniqueIdentifier>{06319535-FECA-1BAD-E6FE-8C21000076FC}</UniqueIdentifier>
      <Extensions>h;hpp;hxx;hh</Extensions>
    </Filter>
    <Filter Include="Resource Files">
      <UniqueIdentifier>{502A2050-FECA-1BAD-E6FE-8C21000076FC}</UniqueIdentifier>
      <Extensions>rc;ico;cur;bmp;dlg;rc2;rct;bin;cnt;rtf;gif;jpg;jpeg;jpe</Extensions>
    </Filter>
  </ItemGroup>
  <ItemGroup>
    <ClCompile Include="exe_pcreq.cpp">
      <Filter>Source Files</Filter>
    </ClCompile>
    <ClCompile Include="pil_exefct.cpp">
      <Filter>Source Files</Filter>
    </ClCompile>
    <ClCompile Include="pilglob.cpp">
      <Filter>Source Files</Filter>
    </ClCompile>
    <ClCompile Include="pilserver.cpp">
      <Filter>Source Files</Filter>
    </ClCompile>
    <ClCompile Include="..\precompiled.cpp">
      <Filter>Source Files</Filter>
    </ClCompile>
    <ClCompile Include="..\COMMON\boost_assert.cpp">
      <Filter>Source Files</Filter>
    </ClCompile>
    <ClCompile Include="rf_data_streaming_processor.cpp">
      <Filter>Source Files</Filter>
    </ClCompile>
    <ClCompile Include="mgr_rfn_request.cpp">
      <Filter>Source Files</Filter>
    </ClCompile>
  </ItemGroup>
  <ItemGroup>
    <ClInclude Include="include\exe_pcreq.h">
      <Filter>Header Files</Filter>
    </ClInclude>
    <ClInclude Include="include\pil_exefct.h">
      <Filter>Header Files</Filter>
    </ClInclude>
    <ClInclude Include="include\pilserver.h">
      <Filter>Header Files</Filter>
    </ClInclude>
    <ClInclude Include="include\rfn_statistics.h">
      <Filter>Header Files</Filter>
    </ClInclude>
    <ClInclude Include="include\rf_data_streaming_processor.h">
      <Filter>Header Files</Filter>
    </ClInclude>
    <ClInclude Include="include\mgr_meter_programming.h">
      <Filter>Header Files</Filter>
    </ClInclude>
    <ClInclude Include="include\mgr_rfn_request.h">
      <Filter>Header Files</Filter>
    </ClInclude>
  </ItemGroup>
  <ItemGroup>
    <ResourceCompile Include="..\versioninfo.rc">
      <Filter>Resource Files</Filter>
    </ResourceCompile>
  </ItemGroup>
</Project>