<?xml version="1.0" encoding="utf-8"?>
<Project ToolsVersion="4.0" xmlns="http://schemas.microsoft.com/developer/msbuild/2003">
  <ItemGroup>
    <Filter Include="Source Files">
      <UniqueIdentifier>{B1F27843-FECA-1BAD-32C8-EFFA659932CA}</UniqueIdentifier>
      <Extensions>cpp;cxx;cc;c;C</Extensions>
    </Filter>
    <Filter Include="Header Files">
      <UniqueIdentifier>{06319535-FECA-1BAD-32C8-EFFA659932CA}</UniqueIdentifier>
      <Extensions>h;hpp;hxx;hh</Extensions>
    </Filter>
    <Filter Include="Resource Files">
      <UniqueIdentifier>{502A2050-FECA-1BAD-32C8-EFFA659932CA}</UniqueIdentifier>
      <Extensions>rc;ico;cur;bmp;dlg;rc2;rct;bin;cnt;rtf;gif;jpg;jpeg;jpe</Extensions>
    </Filter>
  </ItemGroup>
  <ItemGroup>
    <ClCompile Include="ccmain.cpp">
      <Filter>Source Files</Filter>
    </ClCompile>
    <ClCompile Include="ccservice.cpp">
      <Filter>Source Files</Filter>
    </ClCompile>
    <ClCompile Include="..\precompiled.cpp">
      <Filter>Source Files</Filter>
    </ClCompile>
    <ClCompile Include="cc_message_serialization.cpp">
      <Filter>Source Files</Filter>
    </ClCompile>
  </ItemGroup>
  <ItemGroup>
    <ClInclude Include="include\CapControlDispatchConnection.h">
      <Filter>Header Files</Filter>
    </ClInclude>
    <ClInclude Include="include\capcontroller.h">
      <Filter>Header Files</Filter>
    </ClInclude>
    <ClInclude Include="include\CapControlPao.h">
      <Filter>Header Files</Filter>
    </ClInclude>
    <ClInclude Include="include\CapControlPointDataHandler.h">
      <Filter>Header Files</Filter>
    </ClInclude>
    <ClInclude Include="include\cc_message_serialization.h">
      <Filter>Header Files</Filter>
    </ClInclude>
    <ClInclude Include="include\ccarea.h">
      <Filter>Header Files</Filter>
    </ClInclude>
    <ClInclude Include="include\ccAreaBase.h">
      <Filter>Header Files</Filter>
    </ClInclude>
    <ClInclude Include="include\cccapbank.h">
      <Filter>Header Files</Filter>
    </ClInclude>
    <ClInclude Include="include\ccclientconn.h">
      <Filter>Header Files</Filter>
    </ClInclude>
    <ClInclude Include="include\ccclientlistener.h">
      <Filter>Header Files</Filter>
    </ClInclude>
    <ClInclude Include="include\ccConfirmationStats.h">
      <Filter>Header Files</Filter>
    </ClInclude>
    <ClInclude Include="include\ccexecutor.h">
      <Filter>Header Files</Filter>
    </ClInclude>
    <ClInclude Include="include\ccfeeder.h">
      <Filter>Header Files</Filter>
    </ClInclude>
    <ClInclude Include="include\ccid.h">
      <Filter>Header Files</Filter>
    </ClInclude>
    <ClInclude Include="include\ccmessage.h">
      <Filter>Header Files</Filter>
    </ClInclude>
    <ClInclude Include="include\ccmonitorpoint.h">
      <Filter>Header Files</Filter>
    </ClInclude>
    <ClInclude Include="include\ccOperationStats.h">
      <Filter>Header Files</Filter>
    </ClInclude>
    <ClInclude Include="include\ccOriginalParent.h">
      <Filter>Header Files</Filter>
    </ClInclude>
    <ClInclude Include="include\ccservice.h">
      <Filter>Header Files</Filter>
    </ClInclude>
    <ClInclude Include="include\ccsparea.h">
      <Filter>Header Files</Filter>
    </ClInclude>
    <ClInclude Include="include\ccstate.h">
      <Filter>Header Files</Filter>
    </ClInclude>
    <ClInclude Include="include\CCStatsObject.h">
      <Filter>Header Files</Filter>
    </ClInclude>
    <ClInclude Include="include\ccsubstation.h">
      <Filter>Header Files</Filter>
    </ClInclude>
    <ClInclude Include="include\ccsubstationbus.h">
      <Filter>Header Files</Filter>
    </ClInclude>
    <ClInclude Include="include\ccsubstationbusstore.h">
      <Filter>Header Files</Filter>
    </ClInclude>
    <ClInclude Include="include\cctwowaycbcpoints.h">
      <Filter>Header Files</Filter>
    </ClInclude>
    <ClInclude Include="include\cctypes.h">
      <Filter>Header Files</Filter>
    </ClInclude>
    <ClInclude Include="include\ccUnitTestUtil.h">
      <Filter>Header Files</Filter>
    </ClInclude>
    <ClInclude Include="include\ccutil.h">
      <Filter>Header Files</Filter>
    </ClInclude>
    <ClInclude Include="include\Controllable.h">
      <Filter>Header Files</Filter>
    </ClInclude>
    <ClInclude Include="include\ControlPolicy.h">
      <Filter>Header Files</Filter>
    </ClInclude>
    <ClInclude Include="include\ControlStrategy.h">
      <Filter>Header Files</Filter>
    </ClInclude>
    <ClInclude Include="include\CountdownKeepAlivePolicy.h">
      <Filter>Header Files</Filter>
    </ClInclude>
    <ClInclude Include="include\DatabaseDaoFactory.h">
      <Filter>Header Files</Filter>
    </ClInclude>
    <ClInclude Include="include\DynamicCommand.h">
      <Filter>Header Files</Filter>
    </ClInclude>
    <ClInclude Include="include\DynamicCommandExecutor.h">
      <Filter>Header Files</Filter>
    </ClInclude>
    <ClInclude Include="include\EventLogEntry.h">
      <Filter>Header Files</Filter>
    </ClInclude>
    <ClInclude Include="include\EventTypes.h">
      <Filter>Header Files</Filter>
    </ClInclude>
    <ClInclude Include="include\ExecChangeOpState.h">
      <Filter>Header Files</Filter>
    </ClInclude>
    <ClInclude Include="include\ExecutorFactory.h">
      <Filter>Header Files</Filter>
    </ClInclude>
    <ClInclude Include="include\ExecVerification.h">
      <Filter>Header Files</Filter>
    </ClInclude>
    <ClInclude Include="include\GangOperatedVoltageRegulator.h">
      <Filter>Header Files</Filter>
    </ClInclude>
    <ClInclude Include="include\id_capcontrol.h">
      <Filter>Header Files</Filter>
    </ClInclude>
    <ClInclude Include="include\IncrementingKeepAlivePolicy.h">
      <Filter>Header Files</Filter>
    </ClInclude>
    <ClInclude Include="include\IVVCAlgorithm.h">
      <Filter>Header Files</Filter>
    </ClInclude>
    <ClInclude Include="include\IVVCState.h">
      <Filter>Header Files</Filter>
    </ClInclude>
    <ClInclude Include="include\IVVCStrategy.h">
      <Filter>Header Files</Filter>
    </ClInclude>
    <ClInclude Include="include\KeepAlivePolicy.h">
      <Filter>Header Files</Filter>
    </ClInclude>
    <ClInclude Include="include\KVarStrategy.h">
      <Filter>Header Files</Filter>
    </ClInclude>
    <ClInclude Include="include\LastControlReason.h">
      <Filter>Header Files</Filter>
    </ClInclude>
    <ClInclude Include="include\LoadOnlyScanPolicy.h">
      <Filter>Header Files</Filter>
    </ClInclude>
    <ClInclude Include="include\mgr_paosched.h">
      <Filter>Header Files</Filter>
    </ClInclude>
    <ClInclude Include="include\MsgAreas.h">
      <Filter>Header Files</Filter>
    </ClInclude>
    <ClInclude Include="include\MsgBankMove.h">
      <Filter>Header Files</Filter>
    </ClInclude>
    <ClInclude Include="include\MsgCapBankStates.h">
      <Filter>Header Files</Filter>
    </ClInclude>
    <ClInclude Include="include\MsgCapControlCommand.h">
      <Filter>Header Files</Filter>
    </ClInclude>
    <ClInclude Include="include\MsgCapControlMessage.h">
      <Filter>Header Files</Filter>
    </ClInclude>
    <ClInclude Include="include\MsgCapControlServerResponse.h">
      <Filter>Header Files</Filter>
    </ClInclude>
    <ClInclude Include="include\MsgCapControlShutdown.h">
      <Filter>Header Files</Filter>
    </ClInclude>
    <ClInclude Include="include\MsgChangeOpState.h">
      <Filter>Header Files</Filter>
    </ClInclude>
    <ClInclude Include="include\MsgDeleteItem.h">
      <Filter>Header Files</Filter>
    </ClInclude>
    <ClInclude Include="include\MsgItemCommand.h">
      <Filter>Header Files</Filter>
    </ClInclude>
    <ClInclude Include="include\MsgObjectMove.h">
      <Filter>Header Files</Filter>
    </ClInclude>
    <ClInclude Include="include\MsgSpecialAreas.h">
      <Filter>Header Files</Filter>
    </ClInclude>
    <ClInclude Include="include\MsgSubstationBus.h">
      <Filter>Header Files</Filter>
    </ClInclude>
    <ClInclude Include="include\MsgSubstations.h">
      <Filter>Header Files</Filter>
    </ClInclude>
    <ClInclude Include="include\MsgSystemStatus.h">
      <Filter>Header Files</Filter>
    </ClInclude>
    <ClInclude Include="include\MsgVerifyBanks.h">
      <Filter>Header Files</Filter>
    </ClInclude>
    <ClInclude Include="include\MsgVerifyInactiveBanks.h">
      <Filter>Header Files</Filter>
    </ClInclude>
    <ClInclude Include="include\MsgVerifySelectedBank.h">
      <Filter>Header Files</Filter>
    </ClInclude>
    <ClInclude Include="include\MsgVoltageRegulator.h">
      <Filter>Header Files</Filter>
    </ClInclude>
    <ClInclude Include="include\MultiVoltStrategy.h">
      <Filter>Header Files</Filter>
    </ClInclude>
    <ClInclude Include="include\MultiVoltVarStrategy.h">
      <Filter>Header Files</Filter>
    </ClInclude>
    <ClInclude Include="include\NoKeepAlivePolicy.h">
      <Filter>Header Files</Filter>
    </ClInclude>
    <ClInclude Include="include\NoStrategy.h">
      <Filter>Header Files</Filter>
    </ClInclude>
    <ClInclude Include="include\pao_event.h">
      <Filter>Header Files</Filter>
    </ClInclude>
    <ClInclude Include="include\pao_schedule.h">
      <Filter>Header Files</Filter>
    </ClInclude>
    <ClInclude Include="include\PFactorKWKVarStrategy.h">
      <Filter>Header Files</Filter>
    </ClInclude>
    <ClInclude Include="include\PhaseOperatedVoltageRegulator.h">
      <Filter>Header Files</Filter>
    </ClInclude>
    <ClInclude Include="include\PointResponse.h">
      <Filter>Header Files</Filter>
    </ClInclude>
    <ClInclude Include="include\PointResponseDao.h">
      <Filter>Header Files</Filter>
    </ClInclude>
    <ClInclude Include="include\PointResponseDatabaseDao.h">
      <Filter>Header Files</Filter>
    </ClInclude>
    <ClInclude Include="include\PointResponseManager.h">
      <Filter>Header Files</Filter>
    </ClInclude>
    <ClInclude Include="include\PointValueHolder.h">
      <Filter>Header Files</Filter>
    </ClInclude>
    <ClInclude Include="include\Policy.h">
      <Filter>Header Files</Filter>
    </ClInclude>
    <ClInclude Include="include\RegulatorEvents.h">
      <Filter>Header Files</Filter>
    </ClInclude>
    <ClInclude Include="include\ScanPolicy.h">
      <Filter>Header Files</Filter>
    </ClInclude>
    <ClInclude Include="include\StandardControlPolicy.h">
      <Filter>Header Files</Filter>
    </ClInclude>
    <ClInclude Include="include\StandardScanPolicy.h">
      <Filter>Header Files</Filter>
    </ClInclude>
    <ClInclude Include="include\StrategyLoader.h">
      <Filter>Header Files</Filter>
    </ClInclude>
    <ClInclude Include="include\StrategyManager.h">
      <Filter>Header Files</Filter>
    </ClInclude>
    <ClInclude Include="include\test_cc_serialization.h">
      <Filter>Header Files</Filter>
    </ClInclude>
    <ClInclude Include="include\TimeOfDayStrategy.h">
      <Filter>Header Files</Filter>
    </ClInclude>
    <ClInclude Include="include\VoltageRegulator.h">
      <Filter>Header Files</Filter>
    </ClInclude>
    <ClInclude Include="include\VoltageRegulatorLoader.h">
      <Filter>Header Files</Filter>
    </ClInclude>
    <ClInclude Include="include\VoltageRegulatorManager.h">
      <Filter>Header Files</Filter>
    </ClInclude>
    <ClInclude Include="include\VoltStrategy.h">
      <Filter>Header Files</Filter>
    </ClInclude>
    <ClInclude Include="include\Zone.h">
      <Filter>Header Files</Filter>
    </ClInclude>
    <ClInclude Include="include\ZoneLoader.h">
      <Filter>Header Files</Filter>
    </ClInclude>
    <ClInclude Include="include\ZoneManager.h">
      <Filter>Header Files</Filter>
    </ClInclude>
    <ClInclude Include="include\IgnoredControlReason.h">
      <Filter>Header Files</Filter>
    </ClInclude>
    <ClInclude Include="include\DynamicData.h">
      <Filter>Header Files</Filter>
    </ClInclude>
    <ClInclude Include="include\Conductor.h">
      <Filter>Header Files</Filter>
    </ClInclude>
    <ClInclude Include="include\cbcHeartbeatPolicy.h">
      <Filter>Header Files</Filter>
    </ClInclude>
    <ClInclude Include="include\MsgTriggerDmvTest.h">
      <Filter>Header Files</Filter>
    </ClInclude>
    <ClInclude Include="include\CapControlPredicates.h">
      <Filter>Header Files</Filter>
    </ClInclude>
    <ClInclude Include="include\DispatchPointRegistry.h">
      <Filter>Header Files</Filter>
    </ClInclude>
  </ItemGroup>
  <ItemGroup>
    <ResourceCompile Include="..\versioninfo.rc">
      <Filter>Resource Files</Filter>
    </ResourceCompile>
  </ItemGroup>
</Project>