<?xml version="1.0" encoding="utf-8"?>
<Project ToolsVersion="4.0" xmlns="http://schemas.microsoft.com/developer/msbuild/2003">
  <ItemGroup>
    <Filter Include="Source Files">
      <UniqueIdentifier>{B1F27843-FECA-1BAD-948B-C1C8659932CA}</UniqueIdentifier>
      <Extensions>cpp;cxx;cc;c;C</Extensions>
    </Filter>
    <Filter Include="Header Files">
      <UniqueIdentifier>{06319535-FECA-1BAD-948B-C1C8659932CA}</UniqueIdentifier>
      <Extensions>h;hpp;hxx;hh</Extensions>
    </Filter>
  </ItemGroup>
  <ItemGroup>
    <ClCompile Include="CapControlCParms.cpp">
      <Filter>Source Files</Filter>
    </ClCompile>
    <ClCompile Include="CapControlDispatchConnection.cpp">
      <Filter>Source Files</Filter>
    </ClCompile>
    <ClCompile Include="capcontroller.cpp">
      <Filter>Source Files</Filter>
    </ClCompile>
    <ClCompile Include="CapControlPao.cpp">
      <Filter>Source Files</Filter>
    </ClCompile>
    <ClCompile Include="CapControlPointDatahandler.cpp">
      <Filter>Source Files</Filter>
    </ClCompile>
    <ClCompile Include="cc_message_serialization.cpp">
      <Filter>Source Files</Filter>
    </ClCompile>
    <ClCompile Include="cc_server_client_serialization_test.cpp">
      <Filter>Source Files</Filter>
    </ClCompile>
    <ClCompile Include="ccarea.cpp">
      <Filter>Source Files</Filter>
    </ClCompile>
    <ClCompile Include="ccareabase.cpp">
      <Filter>Source Files</Filter>
    </ClCompile>
    <ClCompile Include="cccapbank.cpp">
      <Filter>Source Files</Filter>
    </ClCompile>
    <ClCompile Include="ccclientconn.cpp">
      <Filter>Source Files</Filter>
    </ClCompile>
    <ClCompile Include="ccclientlistener.cpp">
      <Filter>Source Files</Filter>
    </ClCompile>
    <ClCompile Include="ccconfirmationstats.cpp">
      <Filter>Source Files</Filter>
    </ClCompile>
    <ClCompile Include="ccexecutor.cpp">
      <Filter>Source Files</Filter>
    </ClCompile>
    <ClCompile Include="ccfeeder.cpp">
      <Filter>Source Files</Filter>
    </ClCompile>
    <ClCompile Include="ccmonitorpoint.cpp">
      <Filter>Source Files</Filter>
    </ClCompile>
    <ClCompile Include="ccoperationstats.cpp">
      <Filter>Source Files</Filter>
    </ClCompile>
    <ClCompile Include="ccoriginalparent.cpp">
      <Filter>Source Files</Filter>
    </ClCompile>
    <ClCompile Include="ccservice.cpp">
      <Filter>Source Files</Filter>
    </ClCompile>
    <ClCompile Include="ccsparea.cpp">
      <Filter>Source Files</Filter>
    </ClCompile>
    <ClCompile Include="ccstate.cpp">
      <Filter>Source Files</Filter>
    </ClCompile>
    <ClCompile Include="ccstatsobject.cpp">
      <Filter>Source Files</Filter>
    </ClCompile>
    <ClCompile Include="ccsubstation.cpp">
      <Filter>Source Files</Filter>
    </ClCompile>
    <ClCompile Include="ccsubstationbus.cpp">
      <Filter>Source Files</Filter>
    </ClCompile>
    <ClCompile Include="ccsubstationbusstore.cpp">
      <Filter>Source Files</Filter>
    </ClCompile>
    <ClCompile Include="cctwowaycbcpoints.cpp">
      <Filter>Source Files</Filter>
    </ClCompile>
    <ClCompile Include="ccutil.cpp">
      <Filter>Source Files</Filter>
    </ClCompile>
    <ClCompile Include="Controllable.cpp">
      <Filter>Source Files</Filter>
    </ClCompile>
    <ClCompile Include="ControlStrategy.cpp">
      <Filter>Source Files</Filter>
    </ClCompile>
    <ClCompile Include="CountdownKeepAlivePolicy.cpp">
      <Filter>Source Files</Filter>
    </ClCompile>
    <ClCompile Include="DynamicCommand.cpp">
      <Filter>Source Files</Filter>
    </ClCompile>
    <ClCompile Include="DynamicCommandExecutor.cpp">
      <Filter>Source Files</Filter>
    </ClCompile>
    <ClCompile Include="ExecChangeOpState.cpp">
      <Filter>Source Files</Filter>
    </ClCompile>
    <ClCompile Include="ExecutorFactory.cpp">
      <Filter>Source Files</Filter>
    </ClCompile>
    <ClCompile Include="ExecVerification.cpp">
      <Filter>Source Files</Filter>
    </ClCompile>
    <ClCompile Include="IncrementingKeepAlivePolicy.cpp">
      <Filter>Source Files</Filter>
    </ClCompile>
    <ClCompile Include="IVVCAlgorithm.cpp">
      <Filter>Source Files</Filter>
    </ClCompile>
    <ClCompile Include="IVVCState.cpp">
      <Filter>Source Files</Filter>
    </ClCompile>
    <ClCompile Include="IVVCStrategy.cpp">
      <Filter>Source Files</Filter>
    </ClCompile>
    <ClCompile Include="KeepAlivePolicy.cpp">
      <Filter>Source Files</Filter>
    </ClCompile>
    <ClCompile Include="KVarStrategy.cpp">
      <Filter>Source Files</Filter>
    </ClCompile>
    <ClCompile Include="LastControlReason.cpp">
      <Filter>Source Files</Filter>
    </ClCompile>
    <ClCompile Include="LoadOnlyScanPolicy.cpp">
      <Filter>Source Files</Filter>
    </ClCompile>
    <ClCompile Include="mgr_paosched.cpp">
      <Filter>Source Files</Filter>
    </ClCompile>
    <ClCompile Include="MsgAreas.cpp">
      <Filter>Source Files</Filter>
    </ClCompile>
    <ClCompile Include="MsgBankMove.cpp">
      <Filter>Source Files</Filter>
    </ClCompile>
    <ClCompile Include="MsgCapBankStates.cpp">
      <Filter>Source Files</Filter>
    </ClCompile>
    <ClCompile Include="MsgCapControlCommand.cpp">
      <Filter>Source Files</Filter>
    </ClCompile>
    <ClCompile Include="MsgCapControlMessage.cpp">
      <Filter>Source Files</Filter>
    </ClCompile>
    <ClCompile Include="MsgCapControlServerResponse.cpp">
      <Filter>Source Files</Filter>
    </ClCompile>
    <ClCompile Include="MsgCapControlShutdown.cpp">
      <Filter>Source Files</Filter>
    </ClCompile>
    <ClCompile Include="MsgChangeOpState.cpp">
      <Filter>Source Files</Filter>
    </ClCompile>
    <ClCompile Include="MsgDeleteItem.cpp">
      <Filter>Source Files</Filter>
    </ClCompile>
    <ClCompile Include="MsgItemCommand.cpp">
      <Filter>Source Files</Filter>
    </ClCompile>
    <ClCompile Include="MsgObjectMove.cpp">
      <Filter>Source Files</Filter>
    </ClCompile>
    <ClCompile Include="MsgSpecialAreas.cpp">
      <Filter>Source Files</Filter>
    </ClCompile>
    <ClCompile Include="MsgSubstationBus.cpp">
      <Filter>Source Files</Filter>
    </ClCompile>
    <ClCompile Include="MsgSubstations.cpp">
      <Filter>Source Files</Filter>
    </ClCompile>
    <ClCompile Include="MsgSystemStatus.cpp">
      <Filter>Source Files</Filter>
    </ClCompile>
    <ClCompile Include="MsgVerifyBanks.cpp">
      <Filter>Source Files</Filter>
    </ClCompile>
    <ClCompile Include="MsgVerifyInactiveBanks.cpp">
      <Filter>Source Files</Filter>
    </ClCompile>
    <ClCompile Include="MsgVerifySelectedBank.cpp">
      <Filter>Source Files</Filter>
    </ClCompile>
    <ClCompile Include="MsgVoltageRegulator.cpp">
      <Filter>Source Files</Filter>
    </ClCompile>
    <ClCompile Include="MultiVoltStrategy.cpp">
      <Filter>Source Files</Filter>
    </ClCompile>
    <ClCompile Include="MultiVoltVarStrategy.cpp">
      <Filter>Source Files</Filter>
    </ClCompile>
    <ClCompile Include="NoKeepAlivePolicy.cpp">
      <Filter>Source Files</Filter>
    </ClCompile>
    <ClCompile Include="NoStrategy.cpp">
      <Filter>Source Files</Filter>
    </ClCompile>
    <ClCompile Include="pao_event.cpp">
      <Filter>Source Files</Filter>
    </ClCompile>
    <ClCompile Include="pao_schedule.cpp">
      <Filter>Source Files</Filter>
    </ClCompile>
    <ClCompile Include="PFactorKWKQStrategy.cpp">
      <Filter>Source Files</Filter>
    </ClCompile>
    <ClCompile Include="PFactorKWKVarStrategy.cpp">
      <Filter>Source Files</Filter>
    </ClCompile>
    <ClCompile Include="PointResponse.cpp">
      <Filter>Source Files</Filter>
    </ClCompile>
    <ClCompile Include="PointResponseDatabaseDao.cpp">
      <Filter>Source Files</Filter>
    </ClCompile>
    <ClCompile Include="PointResponseManager.cpp">
      <Filter>Source Files</Filter>
    </ClCompile>
    <ClCompile Include="PointValueHolder.cpp">
      <Filter>Source Files</Filter>
    </ClCompile>
    <ClCompile Include="Policy.cpp">
      <Filter>Source Files</Filter>
    </ClCompile>
    <ClCompile Include="RegulatorEvents.cpp">
      <Filter>Source Files</Filter>
    </ClCompile>
    <ClCompile Include="ScanPolicy.cpp">
      <Filter>Source Files</Filter>
    </ClCompile>
    <ClCompile Include="StandardControlPolicy.cpp">
      <Filter>Source Files</Filter>
    </ClCompile>
    <ClCompile Include="StandardScanPolicy.cpp">
      <Filter>Source Files</Filter>
    </ClCompile>
    <ClCompile Include="StrategyLoader.cpp">
      <Filter>Source Files</Filter>
    </ClCompile>
    <ClCompile Include="StrategyManager.cpp">
      <Filter>Source Files</Filter>
    </ClCompile>
    <ClCompile Include="TimeOfDayStrategy.cpp">
      <Filter>Source Files</Filter>
    </ClCompile>
    <ClCompile Include="VoltageRegulator.cpp">
      <Filter>Source Files</Filter>
    </ClCompile>
    <ClCompile Include="VoltageRegulatorLoader.cpp">
      <Filter>Source Files</Filter>
    </ClCompile>
    <ClCompile Include="VoltageRegulatorManager.cpp">
      <Filter>Source Files</Filter>
    </ClCompile>
    <ClCompile Include="VoltStrategy.cpp">
      <Filter>Source Files</Filter>
    </ClCompile>
    <ClCompile Include="Zone.cpp">
      <Filter>Source Files</Filter>
    </ClCompile>
    <ClCompile Include="ZoneLoader.cpp">
      <Filter>Source Files</Filter>
    </ClCompile>
    <ClCompile Include="ZoneManager.cpp">
      <Filter>Source Files</Filter>
    </ClCompile>
  </ItemGroup>
  <ItemGroup>
    <ClInclude Include="capcontrol\include\CapControlDispatchConnection.h">
      <Filter>Header Files</Filter>
    </ClInclude>
    <ClInclude Include="capcontrol\include\capcontroller.h">
      <Filter>Header Files</Filter>
    </ClInclude>
    <ClInclude Include="capcontrol\include\CapControlPao.h">
      <Filter>Header Files</Filter>
    </ClInclude>
    <ClInclude Include="capcontrol\include\CapControlPointDataHandler.h">
      <Filter>Header Files</Filter>
    </ClInclude>
    <ClInclude Include="capcontrol\include\cc_message_serialization.h">
      <Filter>Header Files</Filter>
    </ClInclude>
    <ClInclude Include="capcontrol\include\ccarea.h">
      <Filter>Header Files</Filter>
    </ClInclude>
    <ClInclude Include="capcontrol\include\ccAreaBase.h">
      <Filter>Header Files</Filter>
    </ClInclude>
    <ClInclude Include="capcontrol\include\cccapbank.h">
      <Filter>Header Files</Filter>
    </ClInclude>
    <ClInclude Include="capcontrol\include\ccclientconn.h">
      <Filter>Header Files</Filter>
    </ClInclude>
    <ClInclude Include="capcontrol\include\ccclientlistener.h">
      <Filter>Header Files</Filter>
    </ClInclude>
    <ClInclude Include="capcontrol\include\ccConfirmationStats.h">
      <Filter>Header Files</Filter>
    </ClInclude>
    <ClInclude Include="capcontrol\include\ccexecutor.h">
      <Filter>Header Files</Filter>
    </ClInclude>
    <ClInclude Include="capcontrol\include\ccfeeder.h">
      <Filter>Header Files</Filter>
    </ClInclude>
    <ClInclude Include="capcontrol\include\ccid.h">
      <Filter>Header Files</Filter>
    </ClInclude>
    <ClInclude Include="capcontrol\include\ccmessage.h">
      <Filter>Header Files</Filter>
    </ClInclude>
    <ClInclude Include="capcontrol\include\ccmonitorpoint.h">
      <Filter>Header Files</Filter>
    </ClInclude>
    <ClInclude Include="capcontrol\include\ccOperationStats.h">
      <Filter>Header Files</Filter>
    </ClInclude>
    <ClInclude Include="capcontrol\include\ccOriginalParent.h">
      <Filter>Header Files</Filter>
    </ClInclude>
    <ClInclude Include="capcontrol\include\ccservice.h">
      <Filter>Header Files</Filter>
    </ClInclude>
    <ClInclude Include="capcontrol\include\ccsparea.h">
      <Filter>Header Files</Filter>
    </ClInclude>
    <ClInclude Include="capcontrol\include\ccstate.h">
      <Filter>Header Files</Filter>
    </ClInclude>
    <ClInclude Include="capcontrol\include\CCStatsObject.h">
      <Filter>Header Files</Filter>
    </ClInclude>
    <ClInclude Include="capcontrol\include\ccsubstation.h">
      <Filter>Header Files</Filter>
    </ClInclude>
    <ClInclude Include="capcontrol\include\ccsubstationbus.h">
      <Filter>Header Files</Filter>
    </ClInclude>
    <ClInclude Include="capcontrol\include\ccsubstationbusstore.h">
      <Filter>Header Files</Filter>
    </ClInclude>
    <ClInclude Include="capcontrol\include\cctwowaycbcpoints.h">
      <Filter>Header Files</Filter>
    </ClInclude>
    <ClInclude Include="capcontrol\include\cctypes.h">
      <Filter>Header Files</Filter>
    </ClInclude>
    <ClInclude Include="capcontrol\include\ccUnitTestUtil.h">
      <Filter>Header Files</Filter>
    </ClInclude>
    <ClInclude Include="capcontrol\include\ccutil.h">
      <Filter>Header Files</Filter>
    </ClInclude>
    <ClInclude Include="capcontrol\include\Controllable.h">
      <Filter>Header Files</Filter>
    </ClInclude>
    <ClInclude Include="capcontrol\include\ControlPolicy.h">
      <Filter>Header Files</Filter>
    </ClInclude>
    <ClInclude Include="capcontrol\include\ControlStrategy.h">
      <Filter>Header Files</Filter>
    </ClInclude>
    <ClInclude Include="capcontrol\include\CountdownKeepAlivePolicy.h">
      <Filter>Header Files</Filter>
    </ClInclude>
    <ClInclude Include="capcontrol\include\DatabaseDaoFactory.h">
      <Filter>Header Files</Filter>
    </ClInclude>
    <ClInclude Include="capcontrol\include\DynamicCommand.h">
      <Filter>Header Files</Filter>
    </ClInclude>
    <ClInclude Include="capcontrol\include\DynamicCommandExecutor.h">
      <Filter>Header Files</Filter>
    </ClInclude>
    <ClInclude Include="capcontrol\include\EventLogEntry.h">
      <Filter>Header Files</Filter>
    </ClInclude>
    <ClInclude Include="capcontrol\include\EventTypes.h">
      <Filter>Header Files</Filter>
    </ClInclude>
    <ClInclude Include="capcontrol\include\ExecChangeOpState.h">
      <Filter>Header Files</Filter>
    </ClInclude>
    <ClInclude Include="capcontrol\include\ExecutorFactory.h">
      <Filter>Header Files</Filter>
    </ClInclude>
    <ClInclude Include="capcontrol\include\ExecVerification.h">
      <Filter>Header Files</Filter>
    </ClInclude>
    <ClInclude Include="capcontrol\include\GangOperatedVoltageRegulator.h">
      <Filter>Header Files</Filter>
    </ClInclude>
    <ClInclude Include="capcontrol\include\id_capcontrol.h">
      <Filter>Header Files</Filter>
    </ClInclude>
    <ClInclude Include="capcontrol\include\IncrementingKeepAlivePolicy.h">
      <Filter>Header Files</Filter>
    </ClInclude>
    <ClInclude Include="capcontrol\include\IVVCAlgorithm.h">
      <Filter>Header Files</Filter>
    </ClInclude>
    <ClInclude Include="capcontrol\include\IVVCState.h">
      <Filter>Header Files</Filter>
    </ClInclude>
    <ClInclude Include="capcontrol\include\IVVCStrategy.h">
      <Filter>Header Files</Filter>
    </ClInclude>
    <ClInclude Include="capcontrol\include\KeepAlivePolicy.h">
      <Filter>Header Files</Filter>
    </ClInclude>
    <ClInclude Include="capcontrol\include\KVarStrategy.h">
      <Filter>Header Files</Filter>
    </ClInclude>
    <ClInclude Include="capcontrol\include\LastControlReason.h">
      <Filter>Header Files</Filter>
    </ClInclude>
    <ClInclude Include="capcontrol\include\LoadOnlyScanPolicy.h">
      <Filter>Header Files</Filter>
    </ClInclude>
    <ClInclude Include="capcontrol\include\mgr_paosched.h">
      <Filter>Header Files</Filter>
    </ClInclude>
    <ClInclude Include="capcontrol\include\MsgAreas.h">
      <Filter>Header Files</Filter>
    </ClInclude>
    <ClInclude Include="capcontrol\include\MsgBankMove.h">
      <Filter>Header Files</Filter>
    </ClInclude>
    <ClInclude Include="capcontrol\include\MsgCapBankStates.h">
      <Filter>Header Files</Filter>
    </ClInclude>
    <ClInclude Include="capcontrol\include\MsgCapControlCommand.h">
      <Filter>Header Files</Filter>
    </ClInclude>
    <ClInclude Include="capcontrol\include\MsgCapControlMessage.h">
      <Filter>Header Files</Filter>
    </ClInclude>
    <ClInclude Include="capcontrol\include\MsgCapControlServerResponse.h">
      <Filter>Header Files</Filter>
    </ClInclude>
    <ClInclude Include="capcontrol\include\MsgCapControlShutdown.h">
      <Filter>Header Files</Filter>
    </ClInclude>
    <ClInclude Include="capcontrol\include\MsgChangeOpState.h">
      <Filter>Header Files</Filter>
    </ClInclude>
    <ClInclude Include="capcontrol\include\MsgDeleteItem.h">
      <Filter>Header Files</Filter>
    </ClInclude>
    <ClInclude Include="capcontrol\include\MsgItemCommand.h">
      <Filter>Header Files</Filter>
    </ClInclude>
    <ClInclude Include="capcontrol\include\MsgObjectMove.h">
      <Filter>Header Files</Filter>
    </ClInclude>
    <ClInclude Include="capcontrol\include\MsgSpecialAreas.h">
      <Filter>Header Files</Filter>
    </ClInclude>
    <ClInclude Include="capcontrol\include\MsgSubstationBus.h">
      <Filter>Header Files</Filter>
    </ClInclude>
    <ClInclude Include="capcontrol\include\MsgSubstations.h">
      <Filter>Header Files</Filter>
    </ClInclude>
    <ClInclude Include="capcontrol\include\MsgSystemStatus.h">
      <Filter>Header Files</Filter>
    </ClInclude>
    <ClInclude Include="capcontrol\include\MsgVerifyBanks.h">
      <Filter>Header Files</Filter>
    </ClInclude>
    <ClInclude Include="capcontrol\include\MsgVerifyInactiveBanks.h">
      <Filter>Header Files</Filter>
    </ClInclude>
    <ClInclude Include="capcontrol\include\MsgVerifySelectedBank.h">
      <Filter>Header Files</Filter>
    </ClInclude>
    <ClInclude Include="capcontrol\include\MsgVoltageRegulator.h">
      <Filter>Header Files</Filter>
    </ClInclude>
    <ClInclude Include="capcontrol\include\MultiVoltStrategy.h">
      <Filter>Header Files</Filter>
    </ClInclude>
    <ClInclude Include="capcontrol\include\MultiVoltVarStrategy.h">
      <Filter>Header Files</Filter>
    </ClInclude>
    <ClInclude Include="capcontrol\include\NoKeepAlivePolicy.h">
      <Filter>Header Files</Filter>
    </ClInclude>
    <ClInclude Include="capcontrol\include\NoStrategy.h">
      <Filter>Header Files</Filter>
    </ClInclude>
    <ClInclude Include="capcontrol\include\pao_event.h">
      <Filter>Header Files</Filter>
    </ClInclude>
    <ClInclude Include="capcontrol\include\pao_schedule.h">
      <Filter>Header Files</Filter>
    </ClInclude>
    <ClInclude Include="capcontrol\include\PFactorKWKQStrategy.h">
      <Filter>Header Files</Filter>
    </ClInclude>
    <ClInclude Include="capcontrol\include\PFactorKWKVarStrategy.h">
      <Filter>Header Files</Filter>
    </ClInclude>
    <ClInclude Include="capcontrol\include\PhaseOperatedVoltageRegulator.h">
      <Filter>Header Files</Filter>
    </ClInclude>
    <ClInclude Include="capcontrol\include\PointResponse.h">
      <Filter>Header Files</Filter>
    </ClInclude>
    <ClInclude Include="capcontrol\include\PointResponseDao.h">
      <Filter>Header Files</Filter>
    </ClInclude>
    <ClInclude Include="capcontrol\include\PointResponseDatabaseDao.h">
      <Filter>Header Files</Filter>
    </ClInclude>
    <ClInclude Include="capcontrol\include\PointResponseManager.h">
      <Filter>Header Files</Filter>
    </ClInclude>
    <ClInclude Include="capcontrol\include\PointValueHolder.h">
      <Filter>Header Files</Filter>
    </ClInclude>
    <ClInclude Include="capcontrol\include\Policy.h">
      <Filter>Header Files</Filter>
    </ClInclude>
    <ClInclude Include="capcontrol\include\RegulatorEvents.h">
      <Filter>Header Files</Filter>
    </ClInclude>
    <ClInclude Include="capcontrol\include\ScanPolicy.h">
      <Filter>Header Files</Filter>
    </ClInclude>
    <ClInclude Include="capcontrol\include\StandardControlPolicy.h">
      <Filter>Header Files</Filter>
    </ClInclude>
    <ClInclude Include="capcontrol\include\StandardScanPolicy.h">
      <Filter>Header Files</Filter>
    </ClInclude>
    <ClInclude Include="capcontrol\include\StrategyLoader.h">
      <Filter>Header Files</Filter>
    </ClInclude>
    <ClInclude Include="capcontrol\include\StrategyManager.h">
      <Filter>Header Files</Filter>
    </ClInclude>
    <ClInclude Include="capcontrol\include\test_cc_serialization.h">
      <Filter>Header Files</Filter>
    </ClInclude>
    <ClInclude Include="capcontrol\include\TimeOfDayStrategy.h">
      <Filter>Header Files</Filter>
    </ClInclude>
    <ClInclude Include="capcontrol\include\VoltageRegulator.h">
      <Filter>Header Files</Filter>
    </ClInclude>
    <ClInclude Include="capcontrol\include\VoltageRegulatorLoader.h">
      <Filter>Header Files</Filter>
    </ClInclude>
    <ClInclude Include="capcontrol\include\VoltageRegulatorManager.h">
      <Filter>Header Files</Filter>
    </ClInclude>
    <ClInclude Include="capcontrol\include\VoltStrategy.h">
      <Filter>Header Files</Filter>
    </ClInclude>
    <ClInclude Include="capcontrol\include\Zone.h">
      <Filter>Header Files</Filter>
    </ClInclude>
    <ClInclude Include="capcontrol\include\ZoneLoader.h">
      <Filter>Header Files</Filter>
    </ClInclude>
    <ClInclude Include="capcontrol\include\ZoneManager.h">
      <Filter>Header Files</Filter>
    </ClInclude>
  </ItemGroup>
</Project>
