<?xml version="1.0" encoding="utf-8"?>
<Project ToolsVersion="4.0" xmlns="http://schemas.microsoft.com/developer/msbuild/2003">
  <ItemGroup>
    <Filter Include="Source Files">
      <UniqueIdentifier>{B1F27843-FECA-1BAD-2DC8-9DDE659932CA}</UniqueIdentifier>
      <Extensions>cpp;cxx;cc;c;C</Extensions>
    </Filter>
    <Filter Include="Header Files">
      <UniqueIdentifier>{06319535-FECA-1BAD-2DC8-9DDE659932CA}</UniqueIdentifier>
      <Extensions>h;hpp;hxx;hh</Extensions>
    </Filter>
  </ItemGroup>
  <ItemGroup>
    <ClCompile Include="ccservice.cpp">
      <Filter>Source Files</Filter>
    </ClCompile>
    <ClCompile Include="test_BusOptimizedSort.cpp">
      <Filter>Source Files</Filter>
    </ClCompile>
    <ClCompile Include="test_capcontroller.cpp">
      <Filter>Source Files</Filter>
    </ClCompile>
    <ClCompile Include="test_ccexecutor.cpp">
      <Filter>Source Files</Filter>
    </ClCompile>
    <ClCompile Include="test_ccFeeder.cpp">
      <Filter>Source Files</Filter>
    </ClCompile>
    <ClCompile Include="test_ccsubstationbus.cpp">
      <Filter>Source Files</Filter>
    </ClCompile>
    <ClCompile Include="test_ccutil.cpp">
      <Filter>Source Files</Filter>
    </ClCompile>
    <ClCompile Include="test_ControlStrategies.cpp">
      <Filter>Source Files</Filter>
    </ClCompile>
    <ClCompile Include="test_GangOperatedVoltageRegulator.cpp">
      <Filter>Source Files</Filter>
    </ClCompile>
    <ClCompile Include="test_IVVCAlgorithm.cpp">
      <Filter>Source Files</Filter>
    </ClCompile>
    <ClCompile Include="test_likeDayControl.cpp">
      <Filter>Source Files</Filter>
    </ClCompile>
    <ClCompile Include="test_main.cpp">
      <Filter>Source Files</Filter>
    </ClCompile>
    <ClCompile Include="test_PhaseOperatedVoltageRegulator.cpp">
      <Filter>Source Files</Filter>
    </ClCompile>
    <ClCompile Include="test_pointHolder.cpp">
      <Filter>Source Files</Filter>
    </ClCompile>
    <ClCompile Include="test_StrategyManager.cpp">
      <Filter>Source Files</Filter>
    </ClCompile>
    <ClCompile Include="test_TwoWayCBCPoints.cpp">
      <Filter>Source Files</Filter>
    </ClCompile>
    <ClCompile Include="test_utils.cpp">
      <Filter>Source Files</Filter>
    </ClCompile>
    <ClCompile Include="test_VoltageRegulatorManager.cpp">
      <Filter>Source Files</Filter>
    </ClCompile>
    <ClCompile Include="test_ZoneManager.cpp">
      <Filter>Source Files</Filter>
    </ClCompile>
    <ClCompile Include="..\precompiled.cpp">
      <Filter>Source Files</Filter>
    </ClCompile>
    <ClCompile Include="test_ccStatistics.cpp">
      <Filter>Source Files</Filter>
    </ClCompile>
    <ClCompile Include="test_ccAreas.cpp">
      <Filter>Source Files</Filter>
    </ClCompile>
    <ClCompile Include="test_ccSubstations.cpp">
      <Filter>Source Files</Filter>
    </ClCompile>
    <ClCompile Include="test_ccCapbanks.cpp">
      <Filter>Source Files</Filter>
    </ClCompile>
    <ClCompile Include="test_LoadTapChanger.cpp">
      <Filter>Source Files</Filter>
    </ClCompile>
    <ClCompile Include="test_ControlPolicy.cpp">
      <Filter>Source Files</Filter>
    </ClCompile>
    <ClCompile Include="cc_message_serialization.cpp">
      <Filter>Source Files</Filter>
    </ClCompile>
  </ItemGroup>
  <ItemGroup>
    <ClInclude Include="include\capcontrol_test_helpers.h">
      <Filter>Header Files</Filter>
    </ClInclude>
    <ClInclude Include="include\cbcHeartbeatPolicy.h">
      <Filter>Header Files</Filter>
    </ClInclude>
    <ClInclude Include="include\MsgTriggerDmvTest.h">
      <Filter>Header Files</Filter>
    </ClInclude>
    <ClInclude Include="include\DispatchPointRegistry.h">
      <Filter>Header Files</Filter>
    </ClInclude>
  </ItemGroup>
</Project>