<?xml version="1.0" encoding="utf-8"?>
<Project ToolsVersion="4.0" xmlns="http://schemas.microsoft.com/developer/msbuild/2003">
  <ItemGroup>
    <Filter Include="Source Files">
      <UniqueIdentifier>{B1F27843-FECA-1BAD-B741-8A650006B743}</UniqueIdentifier>
      <Extensions>cpp;cxx;cc;c;C</Extensions>
    </Filter>
    <Filter Include="Header Files">
      <UniqueIdentifier>{06319535-FECA-1BAD-B741-8A650006B743}</UniqueIdentifier>
      <Extensions>h;hpp;hxx;hh</Extensions>
    </Filter>
    <Filter Include="Resource Files">
      <UniqueIdentifier>{502A2050-FECA-1BAD-B741-8A650006B743}</UniqueIdentifier>
      <Extensions>rc;ico;cur;bmp;dlg;rc2;rct;bin;cnt;rtf;gif;jpg;jpeg;jpe</Extensions>
    </Filter>
  </ItemGroup>
  <ItemGroup>
    <ClCompile Include="clientconn.cpp">
      <Filter>Source Files</Filter>
    </ClCompile>
    <ClCompile Include="clistener.cpp">
      <Filter>Source Files</Filter>
    </ClCompile>
    <ClCompile Include="decodetextcmdfile.cpp">
      <Filter>Source Files</Filter>
    </ClCompile>
    <ClCompile Include="interp.cpp">
      <Filter>Source Files</Filter>
    </ClCompile>
    <ClCompile Include="interp_pool.cpp">
      <Filter>Source Files</Filter>
    </ClCompile>
    <ClCompile Include="mc_dbthr.cpp">
      <Filter>Source Files</Filter>
    </ClCompile>
    <ClCompile Include="mc_fileint.cpp">
      <Filter>Source Files</Filter>
    </ClCompile>
    <ClCompile Include="mc_main.cpp">
      <Filter>Source Files</Filter>
    </ClCompile>
    <ClCompile Include="mc_message_serialization.cpp">
      <Filter>Source Files</Filter>
    </ClCompile>
    <ClCompile Include="mc_msg.cpp">
      <Filter>Source Files</Filter>
    </ClCompile>
    <ClCompile Include="mc_sched.cpp">
      <Filter>Source Files</Filter>
    </ClCompile>
    <ClCompile Include="mc_scheduler.cpp">
      <Filter>Source Files</Filter>
    </ClCompile>
    <ClCompile Include="mc_script.cpp">
      <Filter>Source Files</Filter>
    </ClCompile>
    <ClCompile Include="mc_server.cpp">
      <Filter>Source Files</Filter>
    </ClCompile>
    <ClCompile Include="mc_svc.cpp">
      <Filter>Source Files</Filter>
    </ClCompile>
    <ClCompile Include="mccmd.cpp">
      <Filter>Source Files</Filter>
    </ClCompile>
    <ClCompile Include="mgr_mcsched.cpp">
      <Filter>Source Files</Filter>
    </ClCompile>
    <ClCompile Include="tbl_mcsched.cpp">
      <Filter>Source Files</Filter>
    </ClCompile>
    <ClCompile Include="tbl_mcsimpsched.cpp">
      <Filter>Source Files</Filter>
    </ClCompile>
    <ClCompile Include="wpsc.cpp">
      <Filter>Source Files</Filter>
    </ClCompile>
    <ClCompile Include="xcel.cpp">
      <Filter>Source Files</Filter>
    </ClCompile>
    <ClCompile Include="..\precompiled.cpp">
      <Filter>Source Files</Filter>
    </ClCompile>
    <ClCompile Include="..\COMMON\boost_assert.cpp">
      <Filter>Source Files</Filter>
    </ClCompile>
  </ItemGroup>
  <ItemGroup>
    <ClInclude Include="include\clientconn.h">
      <Filter>Header Files</Filter>
    </ClInclude>
    <ClInclude Include="include\clistener.h">
      <Filter>Header Files</Filter>
    </ClInclude>
    <ClInclude Include="include\ctiid.h">
      <Filter>Header Files</Filter>
    </ClInclude>
    <ClInclude Include="include\decodetextcmdfile.h">
      <Filter>Header Files</Filter>
    </ClInclude>
    <ClInclude Include="include\id_macs.h">
      <Filter>Header Files</Filter>
    </ClInclude>
    <ClInclude Include="include\interp.h">
      <Filter>Header Files</Filter>
    </ClInclude>
    <ClInclude Include="include\interp_pool.h">
      <Filter>Header Files</Filter>
    </ClInclude>
    <ClInclude Include="include\mc.h">
      <Filter>Header Files</Filter>
    </ClInclude>
    <ClInclude Include="include\mc_dbthr.h">
      <Filter>Header Files</Filter>
    </ClInclude>
    <ClInclude Include="include\mc_fileint.h">
      <Filter>Header Files</Filter>
    </ClInclude>
    <ClInclude Include="include\mc_message_serialization.h">
      <Filter>Header Files</Filter>
    </ClInclude>
    <ClInclude Include="include\mc_msg.h">
      <Filter>Header Files</Filter>
    </ClInclude>
    <ClInclude Include="include\mc_sched.h">
      <Filter>Header Files</Filter>
    </ClInclude>
    <ClInclude Include="include\mc_scheduler.h">
      <Filter>Header Files</Filter>
    </ClInclude>
    <ClInclude Include="include\mc_script.h">
      <Filter>Header Files</Filter>
    </ClInclude>
    <ClInclude Include="include\mc_server.h">
      <Filter>Header Files</Filter>
    </ClInclude>
    <ClInclude Include="include\mc_svc.h">
      <Filter>Header Files</Filter>
    </ClInclude>
    <ClInclude Include="include\mccmd.h">
      <Filter>Header Files</Filter>
    </ClInclude>
    <ClInclude Include="include\mgr_mcsched.h">
      <Filter>Header Files</Filter>
    </ClInclude>
    <ClInclude Include="include\tbl_mcsched.h">
      <Filter>Header Files</Filter>
    </ClInclude>
    <ClInclude Include="include\tbl_mcsimpsched.h">
      <Filter>Header Files</Filter>
    </ClInclude>
    <ClInclude Include="include\test_mc_serialization.h">
      <Filter>Header Files</Filter>
    </ClInclude>
    <ClInclude Include="include\wpsc.h">
      <Filter>Header Files</Filter>
    </ClInclude>
    <ClInclude Include="include\xcel.h">
      <Filter>Header Files</Filter>
    </ClInclude>
  </ItemGroup>
  <ItemGroup>
    <ResourceCompile Include="..\versioninfo.rc">
      <Filter>Resource Files</Filter>
    </ResourceCompile>
  </ItemGroup>
  <ItemGroup>
    <None Include="tcl\init.tcl" />
  </ItemGroup>
</Project>