<?xml version="1.0" encoding="utf-8"?>
<Project ToolsVersion="4.0" xmlns="http://schemas.microsoft.com/developer/msbuild/2003">
  <ItemGroup>
    <Filter Include="Source Files">
      <UniqueIdentifier>{B1F27843-FECA-1BAD-FD9D-CFD842582452}</UniqueIdentifier>
      <Extensions>cpp;cxx;cc;c;C</Extensions>
    </Filter>
    <Filter Include="Header Files">
      <UniqueIdentifier>{06319535-FECA-1BAD-FD9D-CFD842582452}</UniqueIdentifier>
      <Extensions>h;hpp;hxx;hh</Extensions>
    </Filter>
    <Filter Include="Resource Files">
      <UniqueIdentifier>{502A2050-FECA-1BAD-FD9D-CFD842582452}</UniqueIdentifier>
      <Extensions>rc;ico;cur;bmp;dlg;rc2;rct;bin;cnt;rtf;gif;jpg;jpeg;jpe</Extensions>
    </Filter>
    <Filter Include="XML Files">
      <UniqueIdentifier>{adfe9083-38bf-44f4-badc-b6fa482c5fda}</UniqueIdentifier>
      <Extensions>xml</Extensions>
    </Filter>
    <Filter Include="XSD Files">
      <UniqueIdentifier>{c7d7b47f-d48b-4c30-b8ea-dca32b809e5a}</UniqueIdentifier>
      <Extensions>xsd</Extensions>
    </Filter>
    <Filter Include="YAML Files">
      <UniqueIdentifier>{a6d8137b-4a85-4588-b782-0fe3951a1fc9}</UniqueIdentifier>
    </Filter>
    <Filter Include="JSON Files">
      <UniqueIdentifier>{7acda43a-0848-4470-a44a-ca18935bb694}</UniqueIdentifier>
    </Filter>
  </ItemGroup>
  <ItemGroup>
    <ClCompile Include="dllmain.cpp">
      <Filter>Source Files</Filter>
    </ClCompile>
  </ItemGroup>
  <ItemGroup>
    <ClInclude Include="include\resource_ids.h">
      <Filter>Header Files</Filter>
    </ClInclude>
  </ItemGroup>
  <ItemGroup>
    <ResourceCompile Include="..\versioninfo.rc">
      <Filter>Resource Files</Filter>
    </ResourceCompile>
    <ResourceCompile Include="resource.rc">
      <Filter>Resource Files</Filter>
    </ResourceCompile>
  </ItemGroup>
  <ItemGroup>
    <Xml Include="..\..\yukon-shared\src\main\resources\error-code.xml">
      <Filter>XML Files</Filter>
    </Xml>
    <Xml Include="..\..\yukon-shared\src\main\resources\pao\definition\**\*.xml">
      <Filter>XML Files</Filter>
    </Xml>
  </ItemGroup>
  <ItemGroup>
    <Text Include="..\..\yukon-shared\src\main\resources\pao\definition\pao.xsd">
      <Filter>XSD Files</Filter>
    </Text>
    <Text Include="..\..\yukon-shared\src\main\resources\pao\definition\deviceConfigurationCategory.xsd">
      <Filter>XSD Files</Filter>
    </Text>
    <Text Include="..\..\yukon-shared\src\main\resources\pao\definition\override.xsd">
      <Filter>XSD Files</Filter>
    </Text>
    <Text Include="..\..\yukon-shared\src\main\resources\pao\definition\point.xsd">
      <Filter>XSD Files</Filter>
    </Text>
    <Text Include="..\..\yukon-shared\src\main\resources\pao\definition\points.xsd">
      <Filter>XSD Files</Filter>
    </Text>
    <Text Include="..\..\yukon-shared\src\main\resources\yukonPointMappingIcd.yaml">
      <Filter>YAML Files</Filter>
    </Text>
  </ItemGroup>
  <ItemGroup>
    <None Include="..\..\yukon-shared\src\main\resources\metricIdToAttributeMapping.json">
      <Filter>JSON Files</Filter>
    </None>
  </ItemGroup>
</Project>