<?xml version="1.0" encoding="utf-8"?>
<Project ToolsVersion="4.0" xmlns="http://schemas.microsoft.com/developer/msbuild/2003">
  <ItemGroup>
    <Filter Include="Source Files">
      <UniqueIdentifier>{B1F27843-FECA-1BAD-356B-8A0300006032}</UniqueIdentifier>
      <Extensions>cpp;cxx;cc;c;C</Extensions>
    </Filter>
    <Filter Include="Header Files">
      <UniqueIdentifier>{06319535-FECA-1BAD-356B-8A0300006032}</UniqueIdentifier>
      <Extensions>h;hpp;hxx;hh</Extensions>
    </Filter>
    <Filter Include="Resource Files">
      <UniqueIdentifier>{502A2050-FECA-1BAD-356B-8A0300006032}</UniqueIdentifier>
      <Extensions>rc;ico;cur;bmp;dlg;rc2;rct;bin;cnt;rtf;gif;jpg;jpeg;jpe</Extensions>
    </Filter>
  </ItemGroup>
  <ItemGroup>
    <ClCompile Include="fdrpibase.cpp">
      <Filter>Source Files</Filter>
    </ClCompile>
    <ClCompile Include="fdrpinotify.cpp">
      <Filter>Source Files</Filter>
    </ClCompile>
    <ClCompile Include="fdrpipoll.cpp">
      <Filter>Source Files</Filter>
    </ClCompile>
  </ItemGroup>
  <ItemGroup>
    <ClInclude Include="include\Ars.h">
      <Filter>Header Files</Filter>
    </ClInclude>
    <ClInclude Include="include\Cvs.h">
      <Filter>Header Files</Filter>
    </ClInclude>
    <ClInclude Include="include\CygNetDefs.h">
      <Filter>Header Files</Filter>
    </ClInclude>
    <ClInclude Include="include\Dcl.h">
      <Filter>Header Files</Filter>
    </ClInclude>
    <ClInclude Include="include\fdr.h">
      <Filter>Header Files</Filter>
    </ClInclude>
    <ClInclude Include="include\fdracs.h">
      <Filter>Header Files</Filter>
    </ClInclude>
    <ClInclude Include="include\fdracsmulti.h">
      <Filter>Header Files</Filter>
    </ClInclude>
    <ClInclude Include="include\fdrasciiimportbase.h">
      <Filter>Header Files</Filter>
    </ClInclude>
    <ClInclude Include="include\fdrbepc.h">
      <Filter>Header Files</Filter>
    </ClInclude>
    <ClInclude Include="include\fdrclientconnection.h">
      <Filter>Header Files</Filter>
    </ClInclude>
    <ClInclude Include="include\fdrclientserverconnection.h">
      <Filter>Header Files</Filter>
    </ClInclude>
    <ClInclude Include="include\fdrcygnet.h">
      <Filter>Header Files</Filter>
    </ClInclude>
    <ClInclude Include="include\fdrdebuglevel.h">
      <Filter>Header Files</Filter>
    </ClInclude>
    <ClInclude Include="include\fdrdestination.h">
      <Filter>Header Files</Filter>
    </ClInclude>
    <ClInclude Include="include\fdrdnpslave.h">
      <Filter>Header Files</Filter>
    </ClInclude>
    <ClInclude Include="include\fdrdsm2filein.h">
      <Filter>Header Files</Filter>
    </ClInclude>
    <ClInclude Include="include\fdrdsm2import.h">
      <Filter>Header Files</Filter>
    </ClInclude>
    <ClInclude Include="include\FdrException.h">
      <Filter>Header Files</Filter>
    </ClInclude>
    <ClInclude Include="include\fdrftpinterface.h">
      <Filter>Header Files</Filter>
    </ClInclude>
    <ClInclude Include="include\fdrinet.h">
      <Filter>Header Files</Filter>
    </ClInclude>
    <ClInclude Include="include\fdrinterface.h">
      <Filter>Header Files</Filter>
    </ClInclude>
    <ClInclude Include="include\fdrlivedata.h">
      <Filter>Header Files</Filter>
    </ClInclude>
    <ClInclude Include="include\fdrlodestarimport.h">
      <Filter>Header Files</Filter>
    </ClInclude>
    <ClInclude Include="include\fdrlodestarimport_enh.h">
      <Filter>Header Files</Filter>
    </ClInclude>
    <ClInclude Include="include\fdrlodestarimport_std.h">
      <Filter>Header Files</Filter>
    </ClInclude>
    <ClInclude Include="include\fdrlodestarinfo.h">
      <Filter>Header Files</Filter>
    </ClInclude>
    <ClInclude Include="include\fdrpibase.h">
      <Filter>Header Files</Filter>
    </ClInclude>
    <ClInclude Include="include\fdrpinotify.h">
      <Filter>Header Files</Filter>
    </ClInclude>
    <ClInclude Include="include\fdrpipoll.h">
      <Filter>Header Files</Filter>
    </ClInclude>
    <ClInclude Include="include\fdrpoint.h">
      <Filter>Header Files</Filter>
    </ClInclude>
    <ClInclude Include="include\fdrpointidmap.h">
      <Filter>Header Files</Filter>
    </ClInclude>
    <ClInclude Include="include\fdrpointlist.h">
      <Filter>Header Files</Filter>
    </ClInclude>
    <ClInclude Include="include\fdrrccs.h">
      <Filter>Header Files</Filter>
    </ClInclude>
    <ClInclude Include="include\fdrrdex.h">
      <Filter>Header Files</Filter>
    </ClInclude>
    <ClInclude Include="include\fdrscadahelper.h">
      <Filter>Header Files</Filter>
    </ClInclude>
    <ClInclude Include="include\fdrscadaserver.h">
      <Filter>Header Files</Filter>
    </ClInclude>
    <ClInclude Include="include\fdrserverconnection.h">
      <Filter>Header Files</Filter>
    </ClInclude>
    <ClInclude Include="include\fdrservice.h">
      <Filter>Header Files</Filter>
    </ClInclude>
    <ClInclude Include="include\fdrsimplebase.h">
      <Filter>Header Files</Filter>
    </ClInclude>
    <ClInclude Include="include\fdrsinglesocket.h">
      <Filter>Header Files</Filter>
    </ClInclude>
    <ClInclude Include="include\fdrsocketconnection.h">
      <Filter>Header Files</Filter>
    </ClInclude>
    <ClInclude Include="include\fdrsocketinterface.h">
      <Filter>Header Files</Filter>
    </ClInclude>
    <ClInclude Include="include\fdrsocketlayer.h">
      <Filter>Header Files</Filter>
    </ClInclude>
    <ClInclude Include="include\fdrsocketserver.h">
      <Filter>Header Files</Filter>
    </ClInclude>
    <ClInclude Include="include\fdrstec.h">
      <Filter>Header Files</Filter>
    </ClInclude>
    <ClInclude Include="include\fdrtelegyr.h">
      <Filter>Header Files</Filter>
    </ClInclude>
    <ClInclude Include="include\fdrtextexport.h">
      <Filter>Header Files</Filter>
    </ClInclude>
    <ClInclude Include="include\fdrtextfilebase.h">
      <Filter>Header Files</Filter>
    </ClInclude>
    <ClInclude Include="include\fdrtextimport.h">
      <Filter>Header Files</Filter>
    </ClInclude>
    <ClInclude Include="include\fdrtristate.h">
      <Filter>Header Files</Filter>
    </ClInclude>
    <ClInclude Include="include\fdrTristateSub.h">
      <Filter>Header Files</Filter>
    </ClInclude>
    <ClInclude Include="include\fdrutility.h">
      <Filter>Header Files</Filter>
    </ClInclude>
    <ClInclude Include="include\fdrvalmet.h">
      <Filter>Header Files</Filter>
    </ClInclude>
    <ClInclude Include="include\fdrvalmetmulti.h">
      <Filter>Header Files</Filter>
    </ClInclude>
    <ClInclude Include="include\fdrvalmetutil.h">
      <Filter>Header Files</Filter>
    </ClInclude>
    <ClInclude Include="include\fdrwabash.h">
      <Filter>Header Files</Filter>
    </ClInclude>
    <ClInclude Include="include\fdrxa21lm.h">
      <Filter>Header Files</Filter>
    </ClInclude>
    <ClInclude Include="include\id_fdr.h">
      <Filter>Header Files</Filter>
    </ClInclude>
    <ClInclude Include="include\inet.h">
      <Filter>Header Files</Filter>
    </ClInclude>
    <ClInclude Include="include\livedata_rtp_api.h">
      <Filter>Header Files</Filter>
    </ClInclude>
    <ClInclude Include="include\livedatatypes.h">
      <Filter>Header Files</Filter>
    </ClInclude>
    <ClInclude Include="include\mgr_fdrpoint.h">
      <Filter>Header Files</Filter>
    </ClInclude>
    <ClInclude Include="include\RTP.H">
      <Filter>Header Files</Filter>
    </ClInclude>
    <ClInclude Include="include\RTP_APIW.H">
      <Filter>Header Files</Filter>
    </ClInclude>
    <ClInclude Include="include\serverconnection.h">
      <Filter>Header Files</Filter>
    </ClInclude>
    <ClInclude Include="include\telegyrcontrolcenter.h">
      <Filter>Header Files</Filter>
    </ClInclude>
    <ClInclude Include="include\telegyrgroup.h">
      <Filter>Header Files</Filter>
    </ClInclude>
    <ClInclude Include="include\textfileinterfaceparts.h">
      <Filter>Header Files</Filter>
    </ClInclude>
  </ItemGroup>
  <ItemGroup>
    <ResourceCompile Include="..\versioninfo.rc">
      <Filter>Resource Files</Filter>
    </ResourceCompile>
  </ItemGroup>
</Project>
