<?xml version="1.0" encoding="utf-8"?>
<Project ToolsVersion="4.0" xmlns="http://schemas.microsoft.com/developer/msbuild/2003">
  <ItemGroup>
    <Filter Include="Source Files">
      <UniqueIdentifier>{B1F27843-FECA-1BAD-1A97-E23107685222}</UniqueIdentifier>
      <Extensions>cpp;cxx;cc;c;C</Extensions>
    </Filter>
    <Filter Include="Header Files">
      <UniqueIdentifier>{06319535-FECA-1BAD-1A97-E23107685222}</UniqueIdentifier>
      <Extensions>h;hpp;hxx;hh</Extensions>
    </Filter>
    <Filter Include="Resource Files">
      <UniqueIdentifier>{502A2050-FECA-1BAD-1A97-E23107685222}</UniqueIdentifier>
      <Extensions>rc;ico;cur;bmp;dlg;rc2;rct;bin;cnt;rtf;gif;jpg;jpeg;jpe</Extensions>
    </Filter>
  </ItemGroup>
  <ItemGroup>
    <ClCompile Include="dllmain.cpp">
      <Filter>Source Files</Filter>
    </ClCompile>
    <ClCompile Include="id_pgdll.cpp">
      <Filter>Source Files</Filter>
    </ClCompile>
    <ClCompile Include="port_shr.cpp">
      <Filter>Source Files</Filter>
    </ClCompile>
    <ClCompile Include="port_shr_ip.cpp">
      <Filter>Source Files</Filter>
    </ClCompile>
    <ClCompile Include="portglob.cpp">
      <Filter>Source Files</Filter>
    </ClCompile>
    <ClCompile Include="..\precompiled.cpp">
      <Filter>Source Files</Filter>
    </ClCompile>
  </ItemGroup>
  <ItemGroup>
    <ClInclude Include="include\c_port_interface.h">
      <Filter>Header Files</Filter>
    </ClInclude>
    <ClInclude Include="include\EncodingFilter.h">
      <Filter>Header Files</Filter>
    </ClInclude>
    <ClInclude Include="include\EncodingFilterFactory.h">
      <Filter>Header Files</Filter>
    </ClInclude>
    <ClInclude Include="include\encryption_lantronix.h">
      <Filter>Header Files</Filter>
    </ClInclude>
    <ClInclude Include="include\encryption_noOp.h">
      <Filter>Header Files</Filter>
    </ClInclude>
    <ClInclude Include="include\id_pgdll.h">
      <Filter>Header Files</Filter>
    </ClInclude>
    <ClInclude Include="include\id_porter.h">
      <Filter>Header Files</Filter>
    </ClInclude>
    <ClInclude Include="include\mgr_port.h">
      <Filter>Header Files</Filter>
    </ClInclude>
    <ClInclude Include="include\PaoStatistics.h">
      <Filter>Header Files</Filter>
    </ClInclude>
    <ClInclude Include="include\PaoStatisticsRecord.h">
      <Filter>Header Files</Filter>
    </ClInclude>
    <ClInclude Include="include\port_shr.h">
      <Filter>Header Files</Filter>
    </ClInclude>
    <ClInclude Include="include\port_shr_ip.h">
      <Filter>Header Files</Filter>
    </ClInclude>
    <ClInclude Include="include\port_thread_rf_da.h">
      <Filter>Header Files</Filter>
    </ClInclude>
    <ClInclude Include="include\port_thread_tcp.h">
      <Filter>Header Files</Filter>
    </ClInclude>
    <ClInclude Include="include\port_thread_udp.h">
      <Filter>Header Files</Filter>
    </ClInclude>
    <ClInclude Include="include\portdecl.h">
      <Filter>Header Files</Filter>
    </ClInclude>
    <ClInclude Include="include\portfield.h">
      <Filter>Header Files</Filter>
    </ClInclude>
    <ClInclude Include="include\PORTGLOB.H">
      <Filter>Header Files</Filter>
    </ClInclude>
    <ClInclude Include="include\portsvc.h">
      <Filter>Header Files</Filter>
    </ClInclude>
    <ClInclude Include="include\portverify.h">
      <Filter>Header Files</Filter>
    </ClInclude>
    <ClInclude Include="include\StatisticsManager.h">
      <Filter>Header Files</Filter>
    </ClInclude>
    <ClInclude Include="include\StatisticsThread.h">
      <Filter>Header Files</Filter>
    </ClInclude>
    <ClInclude Include="include\systemmsgthread.h">
      <Filter>Header Files</Filter>
    </ClInclude>
    <ClInclude Include="include\tcp_connection.h">
      <Filter>Header Files</Filter>
    </ClInclude>
    <ClInclude Include="include\tcp_connection_manager.h">
      <Filter>Header Files</Filter>
    </ClInclude>
    <ClInclude Include="include\unsolicited_handler.h">
      <Filter>Header Files</Filter>
    </ClInclude>
  </ItemGroup>
  <ItemGroup>
    <ResourceCompile Include="..\versioninfo.rc">
      <Filter>Resource Files</Filter>
    </ResourceCompile>
  </ItemGroup>
</Project>