<?xml version="1.0" encoding="utf-8"?>
<Project ToolsVersion="4.0" xmlns="http://schemas.microsoft.com/developer/msbuild/2003">
  <ItemGroup>
    <Filter Include="Source Files">
      <UniqueIdentifier>{B1F27843-FECA-1BAD-5220-8D0B07685222}</UniqueIdentifier>
      <Extensions>cpp;cxx;cc;c;C</Extensions>
    </Filter>
    <Filter Include="Header Files">
      <UniqueIdentifier>{06319535-FECA-1BAD-5220-8D0B07685222}</UniqueIdentifier>
      <Extensions>h;hpp;hxx;hh</Extensions>
    </Filter>
    <Filter Include="Resource Files">
      <UniqueIdentifier>{502A2050-FECA-1BAD-5220-8D0B07685222}</UniqueIdentifier>
      <Extensions>rc;ico;cur;bmp;dlg;rc2;rct;bin;cnt;rtf;gif;jpg;jpeg;jpe</Extensions>
    </Filter>
  </ItemGroup>
  <ItemGroup>
    <ClCompile Include="disp_thd.cpp">
      <Filter>Source Files</Filter>
    </ClCompile>
    <ClCompile Include="EncodingFilterFactory.cpp">
      <Filter>Source Files</Filter>
    </ClCompile>
    <ClCompile Include="encryption_lantronix.cpp">
      <Filter>Source Files</Filter>
    </ClCompile>
    <ClCompile Include="encryption_noOp.cpp">
      <Filter>Source Files</Filter>
    </ClCompile>
    <ClCompile Include="id_porter.cpp">
      <Filter>Source Files</Filter>
    </ClCompile>
    <ClCompile Include="mgr_port.cpp">
      <Filter>Source Files</Filter>
    </ClCompile>
    <ClCompile Include="PaoStatistics.cpp">
      <Filter>Source Files</Filter>
    </ClCompile>
    <ClCompile Include="PaoStatisticsRecord.cpp">
      <Filter>Source Files</Filter>
    </ClCompile>
    <ClCompile Include="phlidlc.cpp">
      <Filter>Source Files</Filter>
    </ClCompile>
    <ClCompile Include="plidlc.cpp">
      <Filter>Source Files</Filter>
    </ClCompile>
    <ClCompile Include="port_thread_rf_da.cpp">
      <Filter>Source Files</Filter>
    </ClCompile>
    <ClCompile Include="port_thread_tcp.cpp">
      <Filter>Source Files</Filter>
    </ClCompile>
    <ClCompile Include="port_thread_udp.cpp">
      <Filter>Source Files</Filter>
    </ClCompile>
    <ClCompile Include="portconf.cpp">
      <Filter>Source Files</Filter>
    </ClCompile>
    <ClCompile Include="portdialback.cpp">
      <Filter>Source Files</Filter>
    </ClCompile>
    <ClCompile Include="portentry.cpp">
      <Filter>Source Files</Filter>
    </ClCompile>
    <ClCompile Include="porter.cpp">
      <Filter>Source Files</Filter>
    </ClCompile>
    <ClCompile Include="portersu.cpp">
      <Filter>Source Files</Filter>
    </ClCompile>
    <ClCompile Include="portfield.cpp">
      <Filter>Source Files</Filter>
    </ClCompile>
    <ClCompile Include="portfill.cpp">
      <Filter>Source Files</Filter>
    </ClCompile>
    <ClCompile Include="portload.cpp">
      <Filter>Source Files</Filter>
    </ClCompile>
    <ClCompile Include="portmain.cpp">
      <Filter>Source Files</Filter>
    </ClCompile>
    <ClCompile Include="portpil.cpp">
      <Filter>Source Files</Filter>
    </ClCompile>
    <ClCompile Include="portpool.cpp">
      <Filter>Source Files</Filter>
    </ClCompile>
    <ClCompile Include="portque.cpp">
      <Filter>Source Files</Filter>
    </ClCompile>
    <ClCompile Include="portsvc.cpp">
      <Filter>Source Files</Filter>
    </ClCompile>
    <ClCompile Include="porttime.cpp">
      <Filter>Source Files</Filter>
    </ClCompile>
    <ClCompile Include="portverify.cpp">
      <Filter>Source Files</Filter>
    </ClCompile>
    <ClCompile Include="ripple.cpp">
      <Filter>Source Files</Filter>
    </ClCompile>
    <ClCompile Include="StatisticsManager.cpp">
      <Filter>Source Files</Filter>
    </ClCompile>
    <ClCompile Include="StatisticsThread.cpp">
      <Filter>Source Files</Filter>
    </ClCompile>
    <ClCompile Include="systemmsgthread.cpp">
      <Filter>Source Files</Filter>
    </ClCompile>
    <ClCompile Include="tcp_connection.cpp">
      <Filter>Source Files</Filter>
    </ClCompile>
    <ClCompile Include="tcp_connection_manager.cpp">
      <Filter>Source Files</Filter>
    </ClCompile>
    <ClCompile Include="unsolicited_handler.cpp">
      <Filter>Source Files</Filter>
    </ClCompile>
    <ClCompile Include="..\precompiled.cpp">
      <Filter>Source Files</Filter>
    </ClCompile>
    <ClCompile Include="porter_message_serialization.cpp">
      <Filter>Source Files</Filter>
    </ClCompile>
    <ClCompile Include="..\COMMON\boost_assert.cpp">
      <Filter>Source Files</Filter>
    </ClCompile>
    <ClCompile Include="dnpLookup.cpp">
      <Filter>Source Files</Filter>
    </ClCompile>
    <ClCompile Include="tbl_dyn_paostatistics.cpp">
      <Filter>Source Files</Filter>
    </ClCompile>
  </ItemGroup>
  <ItemGroup>
    <ClInclude Include="include\c_port_interface.h">
      <Filter>Header Files</Filter>
    </ClInclude>
    <ClInclude Include="include\EncodingFilter.h">
      <Filter>Header Files</Filter>
    </ClInclude>
    <ClInclude Include="include\EncodingFilterFactory.h">
      <Filter>Header Files</Filter>
    </ClInclude>
    <ClInclude Include="include\encryption_lantronix.h">
      <Filter>Header Files</Filter>
    </ClInclude>
    <ClInclude Include="include\encryption_noOp.h">
      <Filter>Header Files</Filter>
    </ClInclude>
    <ClInclude Include="include\id_pgdll.h">
      <Filter>Header Files</Filter>
    </ClInclude>
    <ClInclude Include="include\id_porter.h">
      <Filter>Header Files</Filter>
    </ClInclude>
    <ClInclude Include="include\mgr_port.h">
      <Filter>Header Files</Filter>
    </ClInclude>
    <ClInclude Include="include\PaoStatistics.h">
      <Filter>Header Files</Filter>
    </ClInclude>
    <ClInclude Include="include\PaoStatisticsRecord.h">
      <Filter>Header Files</Filter>
    </ClInclude>
    <ClInclude Include="include\port_shr.h">
      <Filter>Header Files</Filter>
    </ClInclude>
    <ClInclude Include="include\port_shr_ip.h">
      <Filter>Header Files</Filter>
    </ClInclude>
    <ClInclude Include="include\port_thread_rf_da.h">
      <Filter>Header Files</Filter>
    </ClInclude>
    <ClInclude Include="include\port_thread_tcp.h">
      <Filter>Header Files</Filter>
    </ClInclude>
    <ClInclude Include="include\port_thread_udp.h">
      <Filter>Header Files</Filter>
    </ClInclude>
    <ClInclude Include="include\portdecl.h">
      <Filter>Header Files</Filter>
    </ClInclude>
    <ClInclude Include="include\portfield.h">
      <Filter>Header Files</Filter>
    </ClInclude>
    <ClInclude Include="include\PORTGLOB.H">
      <Filter>Header Files</Filter>
    </ClInclude>
    <ClInclude Include="include\portsvc.h">
      <Filter>Header Files</Filter>
    </ClInclude>
    <ClInclude Include="include\portverify.h">
      <Filter>Header Files</Filter>
    </ClInclude>
    <ClInclude Include="include\StatisticsManager.h">
      <Filter>Header Files</Filter>
    </ClInclude>
    <ClInclude Include="include\StatisticsThread.h">
      <Filter>Header Files</Filter>
    </ClInclude>
    <ClInclude Include="include\systemmsgthread.h">
      <Filter>Header Files</Filter>
    </ClInclude>
    <ClInclude Include="include\tcp_connection.h">
      <Filter>Header Files</Filter>
    </ClInclude>
    <ClInclude Include="include\tcp_connection_manager.h">
      <Filter>Header Files</Filter>
    </ClInclude>
    <ClInclude Include="include\unsolicited_handler.h">
      <Filter>Header Files</Filter>
    </ClInclude>
    <ClInclude Include="include\PorterDynamicPaoInfoMsg.h">
      <Filter>Header Files</Filter>
    </ClInclude>
    <ClInclude Include="include\porter_message_serialization.h">
      <Filter>Header Files</Filter>
    </ClInclude>
    <ClInclude Include="include\dnpLookup.h">
      <Filter>Header Files</Filter>
    </ClInclude>
    <ClInclude Include="include\tbl_dyn_paostatistics.h">
      <Filter>Header Files</Filter>
    </ClInclude>
  </ItemGroup>
  <ItemGroup>
    <ResourceCompile Include="..\versioninfo.rc">
      <Filter>Resource Files</Filter>
    </ResourceCompile>
  </ItemGroup>
</Project>