<?xml version="1.0" encoding="utf-8"?>
<Project ToolsVersion="4.0" xmlns="http://schemas.microsoft.com/developer/msbuild/2003">
  <ItemGroup>
    <Filter Include="Source Files">
      <UniqueIdentifier>{B1F27843-FECA-1BAD-B305-14D981BAC123}</UniqueIdentifier>
      <Extensions>cpp;cxx;cc;c;C</Extensions>
    </Filter>
    <Filter Include="Header Files">
      <UniqueIdentifier>{06319535-FECA-1BAD-B305-14D981BAC123}</UniqueIdentifier>
      <Extensions>h;hpp;hxx;hh</Extensions>
    </Filter>
  </ItemGroup>
  <ItemGroup>
    <ClCompile Include="lmservice.cpp">
      <Filter>Source Files</Filter>
    </ClCompile>
    <ClCompile Include="test_lm_constraintviolations.cpp">
      <Filter>Source Files</Filter>
    </ClCompile>
    <ClCompile Include="test_lmobjects.cpp">
      <Filter>Source Files</Filter>
    </ClCompile>
    <ClCompile Include="test_lmprogram.cpp">
      <Filter>Source Files</Filter>
    </ClCompile>
    <ClCompile Include="test_lmthermostatgear.cpp">
      <Filter>Source Files</Filter>
    </ClCompile>
    <ClCompile Include="test_main.cpp">
      <Filter>Source Files</Filter>
    </ClCompile>
    <ClCompile Include="..\precompiled.cpp">
      <Filter>Source Files</Filter>
    </ClCompile>
    <ClCompile Include="test_lmscheduledmessageholder.cpp">
      <Filter>Source Files</Filter>
    </ClCompile>
    <ClCompile Include="test_lmobjects_honeywell.cpp">
      <Filter>Source Files</Filter>
    </ClCompile>
    <ClCompile Include="lm_group_serialization.cpp">
      <Filter>Source Files</Filter>
    </ClCompile>
    <ClCompile Include="lm_message_serialization.cpp">
      <Filter>Source Files</Filter>
    </ClCompile>
    <ClCompile Include="lm_program_serialization.cpp">
      <Filter>Source Files</Filter>
    </ClCompile>
  </ItemGroup>
  <ItemGroup>
    <ClInclude Include="include\lmgroupnest.h">
      <Filter>Header Files</Filter>
    </ClInclude>
    <ClInclude Include="include\NestControlinterface.h">
      <Filter>Header Files</Filter>
    </ClInclude>
    <ClInclude Include="include\SmartGroupBase.h">
      <Filter>Header Files</Filter>
    </ClInclude>
    <ClInclude Include="include\ItronControlInterface.h">
      <Filter>Header Files</Filter>
    </ClInclude>
    <ClInclude Include="include\ItronCycleGear.h">
      <Filter>Header Files</Filter>
    </ClInclude>
    <ClInclude Include="include\lmgroupitron.h">
      <Filter>Header Files</Filter>
    </ClInclude>
    <ClInclude Include="include\lmgroupmeterdisconnect.h">
      <Filter>Header Files</Filter>
    </ClInclude>
    <ClInclude Include="include\MeterDisconnectControlInterface.h">
      <Filter>Header Files</Filter>
    </ClInclude>
    <ClInclude Include="include\MeterDisconnectGear.h">
      <Filter>Header Files</Filter>
    </ClInclude>
    <ClInclude Include="include\ecobeeSetpointGear.h">
      <Filter>Header Files</Filter>
    </ClInclude>
    <ClInclude Include="include\honeywellControlInterface.h">
      <Filter>Header Files</Filter>
    </ClInclude>
    <ClInclude Include="ecobeePlusGear.h">
      <Filter>Header Files</Filter>
    </ClInclude>
  </ItemGroup>
</Project>