<?xml version="1.0" encoding="utf-8"?>
<Project ToolsVersion="4.0" xmlns="http://schemas.microsoft.com/developer/msbuild/2003">
  <ItemGroup>
    <Filter Include="Source Files">
      <UniqueIdentifier>{B1F27843-FECA-1BAD-68B7-7E944B245715}</UniqueIdentifier>
      <Extensions>cpp;cxx;cc;c;C</Extensions>
    </Filter>
    <Filter Include="Header Files">
      <UniqueIdentifier>{06319535-FECA-1BAD-68B7-7E944B245715}</UniqueIdentifier>
      <Extensions>h;hpp;hxx;hh</Extensions>
    </Filter>
  </ItemGroup>
  <ItemGroup>
    <ClCompile Include="Serialization\Thrift\CCCapBankMove_constants.cpp">
      <Filter>Source Files</Filter>
    </ClCompile>
    <ClCompile Include="Serialization\Thrift\CCCapBankMove_types.cpp">
      <Filter>Source Files</Filter>
    </ClCompile>
    <ClCompile Include="Serialization\Thrift\CCCapBankStates_constants.cpp">
      <Filter>Source Files</Filter>
    </ClCompile>
    <ClCompile Include="Serialization\Thrift\CCCapBankStates_types.cpp">
      <Filter>Source Files</Filter>
    </ClCompile>
    <ClCompile Include="Serialization\Thrift\CCChangeOpState_constants.cpp">
      <Filter>Source Files</Filter>
    </ClCompile>
    <ClCompile Include="Serialization\Thrift\CCChangeOpState_types.cpp">
      <Filter>Source Files</Filter>
    </ClCompile>
    <ClCompile Include="Serialization\Thrift\CCCommand_constants.cpp">
      <Filter>Source Files</Filter>
    </ClCompile>
    <ClCompile Include="Serialization\Thrift\CCCommand_types.cpp">
      <Filter>Source Files</Filter>
    </ClCompile>
    <ClCompile Include="Serialization\Thrift\CCDeleteItem_constants.cpp">
      <Filter>Source Files</Filter>
    </ClCompile>
    <ClCompile Include="Serialization\Thrift\CCDeleteItem_types.cpp">
      <Filter>Source Files</Filter>
    </ClCompile>
    <ClCompile Include="Serialization\Thrift\CCDynamicCommand_constants.cpp">
      <Filter>Source Files</Filter>
    </ClCompile>
    <ClCompile Include="Serialization\Thrift\CCDynamicCommand_types.cpp">
      <Filter>Source Files</Filter>
    </ClCompile>
    <ClCompile Include="Serialization\Thrift\CCGeoAreas_constants.cpp">
      <Filter>Source Files</Filter>
    </ClCompile>
    <ClCompile Include="Serialization\Thrift\CCGeoAreas_types.cpp">
      <Filter>Source Files</Filter>
    </ClCompile>
    <ClCompile Include="Serialization\Thrift\CCItemCommand_constants.cpp">
      <Filter>Source Files</Filter>
    </ClCompile>
    <ClCompile Include="Serialization\Thrift\CCItemCommand_types.cpp">
      <Filter>Source Files</Filter>
    </ClCompile>
    <ClCompile Include="Serialization\Thrift\CCMessage_constants.cpp">
      <Filter>Source Files</Filter>
    </ClCompile>
    <ClCompile Include="Serialization\Thrift\CCMessage_types.cpp">
      <Filter>Source Files</Filter>
    </ClCompile>
    <ClCompile Include="Serialization\Thrift\CCObjectMove_constants.cpp">
      <Filter>Source Files</Filter>
    </ClCompile>
    <ClCompile Include="Serialization\Thrift\CCObjectMove_types.cpp">
      <Filter>Source Files</Filter>
    </ClCompile>
    <ClCompile Include="Serialization\Thrift\CCServerResponse_constants.cpp">
      <Filter>Source Files</Filter>
    </ClCompile>
    <ClCompile Include="Serialization\Thrift\CCServerResponse_types.cpp">
      <Filter>Source Files</Filter>
    </ClCompile>
    <ClCompile Include="Serialization\Thrift\CCShutdown_constants.cpp">
      <Filter>Source Files</Filter>
    </ClCompile>
    <ClCompile Include="Serialization\Thrift\CCShutdown_types.cpp">
      <Filter>Source Files</Filter>
    </ClCompile>
    <ClCompile Include="Serialization\Thrift\CCSpecialAreas_constants.cpp">
      <Filter>Source Files</Filter>
    </ClCompile>
    <ClCompile Include="Serialization\Thrift\CCSpecialAreas_types.cpp">
      <Filter>Source Files</Filter>
    </ClCompile>
    <ClCompile Include="Serialization\Thrift\CCSubstationBus_constants.cpp">
      <Filter>Source Files</Filter>
    </ClCompile>
    <ClCompile Include="Serialization\Thrift\CCSubstationBus_types.cpp">
      <Filter>Source Files</Filter>
    </ClCompile>
    <ClCompile Include="Serialization\Thrift\CCSubstations_constants.cpp">
      <Filter>Source Files</Filter>
    </ClCompile>
    <ClCompile Include="Serialization\Thrift\CCSubstations_types.cpp">
      <Filter>Source Files</Filter>
    </ClCompile>
    <ClCompile Include="Serialization\Thrift\CCSystemStatus_constants.cpp">
      <Filter>Source Files</Filter>
    </ClCompile>
    <ClCompile Include="Serialization\Thrift\CCSystemStatus_types.cpp">
      <Filter>Source Files</Filter>
    </ClCompile>
    <ClCompile Include="Serialization\Thrift\CCVerifyBanks_constants.cpp">
      <Filter>Source Files</Filter>
    </ClCompile>
    <ClCompile Include="Serialization\Thrift\CCVerifyBanks_types.cpp">
      <Filter>Source Files</Filter>
    </ClCompile>
    <ClCompile Include="Serialization\Thrift\CCVerifyInactiveBanks_constants.cpp">
      <Filter>Source Files</Filter>
    </ClCompile>
    <ClCompile Include="Serialization\Thrift\CCVerifyInactiveBanks_types.cpp">
      <Filter>Source Files</Filter>
    </ClCompile>
    <ClCompile Include="Serialization\Thrift\CCVerifySelectedBank_constants.cpp">
      <Filter>Source Files</Filter>
    </ClCompile>
    <ClCompile Include="Serialization\Thrift\CCVerifySelectedBank_types.cpp">
      <Filter>Source Files</Filter>
    </ClCompile>
    <ClCompile Include="Serialization\Thrift\CCVoltageRegulator_constants.cpp">
      <Filter>Source Files</Filter>
    </ClCompile>
    <ClCompile Include="Serialization\Thrift\CCVoltageRegulator_types.cpp">
      <Filter>Source Files</Filter>
    </ClCompile>
    <ClCompile Include="Serialization\Thrift\Command_constants.cpp">
      <Filter>Source Files</Filter>
    </ClCompile>
    <ClCompile Include="Serialization\Thrift\Command_types.cpp">
      <Filter>Source Files</Filter>
    </ClCompile>
    <ClCompile Include="Serialization\Thrift\DBChange_constants.cpp">
      <Filter>Source Files</Filter>
    </ClCompile>
    <ClCompile Include="Serialization\Thrift\DBChange_types.cpp">
      <Filter>Source Files</Filter>
    </ClCompile>
    <ClCompile Include="Serialization\Thrift\LMCommand_constants.cpp">
      <Filter>Source Files</Filter>
    </ClCompile>
    <ClCompile Include="Serialization\Thrift\LMCommand_types.cpp">
      <Filter>Source Files</Filter>
    </ClCompile>
    <ClCompile Include="Serialization\Thrift\LMControlAreas_constants.cpp">
      <Filter>Source Files</Filter>
    </ClCompile>
    <ClCompile Include="Serialization\Thrift\LMControlAreas_types.cpp">
      <Filter>Source Files</Filter>
    </ClCompile>
    <ClCompile Include="Serialization\Thrift\LMControlHistory_constants.cpp">
      <Filter>Source Files</Filter>
    </ClCompile>
    <ClCompile Include="Serialization\Thrift\LMControlHistory_types.cpp">
      <Filter>Source Files</Filter>
    </ClCompile>
    <ClCompile Include="Serialization\Thrift\LMCurtailmentAcknowledge_constants.cpp">
      <Filter>Source Files</Filter>
    </ClCompile>
    <ClCompile Include="Serialization\Thrift\LMCurtailmentAcknowledge_types.cpp">
      <Filter>Source Files</Filter>
    </ClCompile>
    <ClCompile Include="Serialization\Thrift\LMDynamicControlAreaData_constants.cpp">
      <Filter>Source Files</Filter>
    </ClCompile>
    <ClCompile Include="Serialization\Thrift\LMDynamicControlAreaData_types.cpp">
      <Filter>Source Files</Filter>
    </ClCompile>
    <ClCompile Include="Serialization\Thrift\LMDynamicGroupData_constants.cpp">
      <Filter>Source Files</Filter>
    </ClCompile>
    <ClCompile Include="Serialization\Thrift\LMDynamicGroupData_types.cpp">
      <Filter>Source Files</Filter>
    </ClCompile>
    <ClCompile Include="Serialization\Thrift\LMDynamicProgramData_constants.cpp">
      <Filter>Source Files</Filter>
    </ClCompile>
    <ClCompile Include="Serialization\Thrift\LMDynamicProgramData_types.cpp">
      <Filter>Source Files</Filter>
    </ClCompile>
    <ClCompile Include="Serialization\Thrift\LMDynamicTriggerData_constants.cpp">
      <Filter>Source Files</Filter>
    </ClCompile>
    <ClCompile Include="Serialization\Thrift\LMDynamicTriggerData_types.cpp">
      <Filter>Source Files</Filter>
    </ClCompile>
    <ClCompile Include="Serialization\Thrift\LMEnergyExchangeAccept_constants.cpp">
      <Filter>Source Files</Filter>
    </ClCompile>
    <ClCompile Include="Serialization\Thrift\LMEnergyExchangeAccept_types.cpp">
      <Filter>Source Files</Filter>
    </ClCompile>
    <ClCompile Include="Serialization\Thrift\LMEnergyExchangeControl_constants.cpp">
      <Filter>Source Files</Filter>
    </ClCompile>
    <ClCompile Include="Serialization\Thrift\LMEnergyExchangeControl_types.cpp">
      <Filter>Source Files</Filter>
    </ClCompile>
    <ClCompile Include="Serialization\Thrift\LMManualControlRequest_constants.cpp">
      <Filter>Source Files</Filter>
    </ClCompile>
    <ClCompile Include="Serialization\Thrift\LMManualControlRequest_types.cpp">
      <Filter>Source Files</Filter>
    </ClCompile>
    <ClCompile Include="Serialization\Thrift\LMManualControlResponse_constants.cpp">
      <Filter>Source Files</Filter>
    </ClCompile>
    <ClCompile Include="Serialization\Thrift\LMManualControlResponse_types.cpp">
      <Filter>Source Files</Filter>
    </ClCompile>
    <ClCompile Include="Serialization\Thrift\LMMessage_constants.cpp">
      <Filter>Source Files</Filter>
    </ClCompile>
    <ClCompile Include="Serialization\Thrift\LMMessage_types.cpp">
      <Filter>Source Files</Filter>
    </ClCompile>
    <ClCompile Include="Serialization\Thrift\MCAddSchedule_constants.cpp">
      <Filter>Source Files</Filter>
    </ClCompile>
    <ClCompile Include="Serialization\Thrift\MCAddSchedule_types.cpp">
      <Filter>Source Files</Filter>
    </ClCompile>
    <ClCompile Include="Serialization\Thrift\MCDeleteSchedule_constants.cpp">
      <Filter>Source Files</Filter>
    </ClCompile>
    <ClCompile Include="Serialization\Thrift\MCDeleteSchedule_types.cpp">
      <Filter>Source Files</Filter>
    </ClCompile>
    <ClCompile Include="Serialization\Thrift\MCInfo_constants.cpp">
      <Filter>Source Files</Filter>
    </ClCompile>
    <ClCompile Include="Serialization\Thrift\MCInfo_types.cpp">
      <Filter>Source Files</Filter>
    </ClCompile>
    <ClCompile Include="Serialization\Thrift\MCOverrideRequest_constants.cpp">
      <Filter>Source Files</Filter>
    </ClCompile>
    <ClCompile Include="Serialization\Thrift\MCOverrideRequest_types.cpp">
      <Filter>Source Files</Filter>
    </ClCompile>
    <ClCompile Include="Serialization\Thrift\MCRetrieveSchedule_constants.cpp">
      <Filter>Source Files</Filter>
    </ClCompile>
    <ClCompile Include="Serialization\Thrift\MCRetrieveSchedule_types.cpp">
      <Filter>Source Files</Filter>
    </ClCompile>
    <ClCompile Include="Serialization\Thrift\MCRetrieveScript_constants.cpp">
      <Filter>Source Files</Filter>
    </ClCompile>
    <ClCompile Include="Serialization\Thrift\MCRetrieveScript_types.cpp">
      <Filter>Source Files</Filter>
    </ClCompile>
    <ClCompile Include="Serialization\Thrift\MCSchedule_constants.cpp">
      <Filter>Source Files</Filter>
    </ClCompile>
    <ClCompile Include="Serialization\Thrift\MCSchedule_types.cpp">
      <Filter>Source Files</Filter>
    </ClCompile>
    <ClCompile Include="Serialization\Thrift\MCScript_constants.cpp">
      <Filter>Source Files</Filter>
    </ClCompile>
    <ClCompile Include="Serialization\Thrift\MCScript_types.cpp">
      <Filter>Source Files</Filter>
    </ClCompile>
    <ClCompile Include="Serialization\Thrift\MCUpdateSchedule_constants.cpp">
      <Filter>Source Files</Filter>
    </ClCompile>
    <ClCompile Include="Serialization\Thrift\MCUpdateSchedule_types.cpp">
      <Filter>Source Files</Filter>
    </ClCompile>
    <ClCompile Include="Serialization\Thrift\Message_constants.cpp">
      <Filter>Source Files</Filter>
    </ClCompile>
    <ClCompile Include="Serialization\Thrift\Message_types.cpp">
      <Filter>Source Files</Filter>
    </ClCompile>
    <ClCompile Include="Serialization\Thrift\Multi_constants.cpp">
      <Filter>Source Files</Filter>
    </ClCompile>
    <ClCompile Include="Serialization\Thrift\Multi_types.cpp">
      <Filter>Source Files</Filter>
    </ClCompile>
    <ClCompile Include="Serialization\Thrift\NetworkManagerMessaging_constants.cpp">
      <Filter>Source Files</Filter>
    </ClCompile>
    <ClCompile Include="Serialization\Thrift\NetworkManagerMessaging_types.cpp">
      <Filter>Source Files</Filter>
    </ClCompile>
    <ClCompile Include="Serialization\Thrift\NotifAlarm_constants.cpp">
      <Filter>Source Files</Filter>
    </ClCompile>
    <ClCompile Include="Serialization\Thrift\NotifAlarm_types.cpp">
      <Filter>Source Files</Filter>
    </ClCompile>
    <ClCompile Include="Serialization\Thrift\NotifCurtailmentEvent_constants.cpp">
      <Filter>Source Files</Filter>
    </ClCompile>
    <ClCompile Include="Serialization\Thrift\NotifCurtailmentEvent_types.cpp">
      <Filter>Source Files</Filter>
    </ClCompile>
    <ClCompile Include="Serialization\Thrift\NotifCurtailmentEventDelete_constants.cpp">
      <Filter>Source Files</Filter>
    </ClCompile>
    <ClCompile Include="Serialization\Thrift\NotifCurtailmentEventDelete_types.cpp">
      <Filter>Source Files</Filter>
    </ClCompile>
    <ClCompile Include="Serialization\Thrift\NotifCustomerEmail_constants.cpp">
      <Filter>Source Files</Filter>
    </ClCompile>
    <ClCompile Include="Serialization\Thrift\NotifCustomerEmail_types.cpp">
      <Filter>Source Files</Filter>
    </ClCompile>
    <ClCompile Include="Serialization\Thrift\NotifEconomicEvent_constants.cpp">
      <Filter>Source Files</Filter>
    </ClCompile>
    <ClCompile Include="Serialization\Thrift\NotifEconomicEvent_types.cpp">
      <Filter>Source Files</Filter>
    </ClCompile>
    <ClCompile Include="Serialization\Thrift\NotifEconomicEventDelete_constants.cpp">
      <Filter>Source Files</Filter>
    </ClCompile>
    <ClCompile Include="Serialization\Thrift\NotifEconomicEventDelete_types.cpp">
      <Filter>Source Files</Filter>
    </ClCompile>
    <ClCompile Include="Serialization\Thrift\NotifEmail_constants.cpp">
      <Filter>Source Files</Filter>
    </ClCompile>
    <ClCompile Include="Serialization\Thrift\NotifEmail_types.cpp">
      <Filter>Source Files</Filter>
    </ClCompile>
    <ClCompile Include="Serialization\Thrift\NotifLMControl_constants.cpp">
      <Filter>Source Files</Filter>
    </ClCompile>
    <ClCompile Include="Serialization\Thrift\NotifLMControl_types.cpp">
      <Filter>Source Files</Filter>
    </ClCompile>
    <ClCompile Include="Serialization\Thrift\NotifVoiceCompleted_constants.cpp">
      <Filter>Source Files</Filter>
    </ClCompile>
    <ClCompile Include="Serialization\Thrift\NotifVoiceCompleted_types.cpp">
      <Filter>Source Files</Filter>
    </ClCompile>
    <ClCompile Include="Serialization\Thrift\NotifVoiceDataRequest_constants.cpp">
      <Filter>Source Files</Filter>
    </ClCompile>
    <ClCompile Include="Serialization\Thrift\NotifVoiceDataRequest_types.cpp">
      <Filter>Source Files</Filter>
    </ClCompile>
    <ClCompile Include="Serialization\Thrift\NotifVoiceDataResponse_constants.cpp">
      <Filter>Source Files</Filter>
    </ClCompile>
    <ClCompile Include="Serialization\Thrift\NotifVoiceDataResponse_types.cpp">
      <Filter>Source Files</Filter>
    </ClCompile>
    <ClCompile Include="Serialization\Thrift\PointData_constants.cpp">
      <Filter>Source Files</Filter>
    </ClCompile>
    <ClCompile Include="Serialization\Thrift\PointData_types.cpp">
      <Filter>Source Files</Filter>
    </ClCompile>
    <ClCompile Include="Serialization\Thrift\PointRegistration_constants.cpp">
      <Filter>Source Files</Filter>
    </ClCompile>
    <ClCompile Include="Serialization\Thrift\PointRegistration_types.cpp">
      <Filter>Source Files</Filter>
    </ClCompile>
    <ClCompile Include="Serialization\Thrift\QueueData_constants.cpp">
      <Filter>Source Files</Filter>
    </ClCompile>
    <ClCompile Include="Serialization\Thrift\QueueData_types.cpp">
      <Filter>Source Files</Filter>
    </ClCompile>
    <ClCompile Include="Serialization\Thrift\Registration_constants.cpp">
      <Filter>Source Files</Filter>
    </ClCompile>
    <ClCompile Include="Serialization\Thrift\Registration_types.cpp">
      <Filter>Source Files</Filter>
    </ClCompile>
    <ClCompile Include="Serialization\Thrift\Request_constants.cpp">
      <Filter>Source Files</Filter>
    </ClCompile>
    <ClCompile Include="Serialization\Thrift\Request_types.cpp">
      <Filter>Source Files</Filter>
    </ClCompile>
    <ClCompile Include="Serialization\Thrift\RequestCancel_constants.cpp">
      <Filter>Source Files</Filter>
    </ClCompile>
    <ClCompile Include="Serialization\Thrift\RequestCancel_types.cpp">
      <Filter>Source Files</Filter>
    </ClCompile>
    <ClCompile Include="Serialization\Thrift\Return_constants.cpp">
      <Filter>Source Files</Filter>
    </ClCompile>
    <ClCompile Include="Serialization\Thrift\Return_types.cpp">
      <Filter>Source Files</Filter>
    </ClCompile>
    <ClCompile Include="Serialization\Thrift\RfnE2eData_constants.cpp">
      <Filter>Source Files</Filter>
    </ClCompile>
    <ClCompile Include="Serialization\Thrift\RfnE2eData_types.cpp">
      <Filter>Source Files</Filter>
    </ClCompile>
    <ClCompile Include="Serialization\Thrift\RfnExpressComBroadcastReply_constants.cpp">
      <Filter>Source Files</Filter>
    </ClCompile>
    <ClCompile Include="Serialization\Thrift\RfnExpressComBroadcastReply_types.cpp">
      <Filter>Source Files</Filter>
    </ClCompile>
    <ClCompile Include="Serialization\Thrift\ServerRequest_constants.cpp">
      <Filter>Source Files</Filter>
    </ClCompile>
    <ClCompile Include="Serialization\Thrift\ServerRequest_types.cpp">
      <Filter>Source Files</Filter>
    </ClCompile>
    <ClCompile Include="Serialization\Thrift\ServerResponse_constants.cpp">
      <Filter>Source Files</Filter>
    </ClCompile>
    <ClCompile Include="Serialization\Thrift\ServerResponse_types.cpp">
      <Filter>Source Files</Filter>
    </ClCompile>
    <ClCompile Include="Serialization\Thrift\Signal_constants.cpp">
      <Filter>Source Files</Filter>
    </ClCompile>
    <ClCompile Include="Serialization\Thrift\Signal_types.cpp">
      <Filter>Source Files</Filter>
    </ClCompile>
    <ClCompile Include="Serialization\Thrift\Tag_constants.cpp">
      <Filter>Source Files</Filter>
    </ClCompile>
    <ClCompile Include="Serialization\Thrift\Tag_types.cpp">
      <Filter>Source Files</Filter>
    </ClCompile>
    <ClCompile Include="Serialization\Thrift\Trace_constants.cpp">
      <Filter>Source Files</Filter>
    </ClCompile>
    <ClCompile Include="Serialization\Thrift\Trace_types.cpp">
      <Filter>Source Files</Filter>
    </ClCompile>
    <ClCompile Include="Serialization\Thrift\Types_constants.cpp">
      <Filter>Source Files</Filter>
    </ClCompile>
    <ClCompile Include="Serialization\Thrift\Types_types.cpp">
      <Filter>Source Files</Filter>
    </ClCompile>
    <ClCompile Include="Serialization\Thrift\PorterDynamicPaoInfo_constants.cpp">
      <Filter>Source Files</Filter>
    </ClCompile>
    <ClCompile Include="Serialization\Thrift\PorterDynamicPaoInfo_types.cpp">
      <Filter>Source Files</Filter>
    </ClCompile>
    <ClCompile Include="Serialization\Thrift\RfnWaterNodeConfigMessages_constants.cpp">
      <Filter>Source Files</Filter>
    </ClCompile>
    <ClCompile Include="Serialization\Thrift\RfnWaterNodeConfigMessages_types.cpp">
      <Filter>Source Files</Filter>
    </ClCompile>
    <ClCompile Include="Serialization\Thrift\DeviceCreation_constants.cpp">
      <Filter>Source Files</Filter>
    </ClCompile>
    <ClCompile Include="Serialization\Thrift\DeviceCreation_types.cpp">
      <Filter>Source Files</Filter>
    </ClCompile>
    <ClCompile Include="Serialization\Thrift\RfnDataStreamingUpdate_constants.cpp">
      <Filter>Source Files</Filter>
    </ClCompile>
    <ClCompile Include="Serialization\Thrift\RfnDataStreamingUpdate_types.cpp">
      <Filter>Source Files</Filter>
    </ClCompile>
    <ClCompile Include="Serialization\Thrift\MeterProgramming_constants.cpp">
      <Filter>Source Files</Filter>
    </ClCompile>
    <ClCompile Include="Serialization\Thrift\MeterProgramming_types.cpp">
      <Filter>Source Files</Filter>
    </ClCompile>
    <ClCompile Include="Serialization\Thrift\RfnAddressing_constants.cpp">
      <Filter>Source Files</Filter>
    </ClCompile>
    <ClCompile Include="Serialization\Thrift\RfnAddressing_types.cpp">
      <Filter>Source Files</Filter>
    </ClCompile>
  </ItemGroup>
  <ItemGroup>
    <ClInclude Include="Serialization\Thrift\CCCapBankMove_constants.h">
      <Filter>Header Files</Filter>
    </ClInclude>
    <ClInclude Include="Serialization\Thrift\CCCapBankMove_types.h">
      <Filter>Header Files</Filter>
    </ClInclude>
    <ClInclude Include="Serialization\Thrift\CCCapBankStates_constants.h">
      <Filter>Header Files</Filter>
    </ClInclude>
    <ClInclude Include="Serialization\Thrift\CCCapBankStates_types.h">
      <Filter>Header Files</Filter>
    </ClInclude>
    <ClInclude Include="Serialization\Thrift\CCChangeOpState_constants.h">
      <Filter>Header Files</Filter>
    </ClInclude>
    <ClInclude Include="Serialization\Thrift\CCChangeOpState_types.h">
      <Filter>Header Files</Filter>
    </ClInclude>
    <ClInclude Include="Serialization\Thrift\CCCommand_constants.h">
      <Filter>Header Files</Filter>
    </ClInclude>
    <ClInclude Include="Serialization\Thrift\CCCommand_types.h">
      <Filter>Header Files</Filter>
    </ClInclude>
    <ClInclude Include="Serialization\Thrift\CCDeleteItem_constants.h">
      <Filter>Header Files</Filter>
    </ClInclude>
    <ClInclude Include="Serialization\Thrift\CCDeleteItem_types.h">
      <Filter>Header Files</Filter>
    </ClInclude>
    <ClInclude Include="Serialization\Thrift\CCDynamicCommand_constants.h">
      <Filter>Header Files</Filter>
    </ClInclude>
    <ClInclude Include="Serialization\Thrift\CCDynamicCommand_types.h">
      <Filter>Header Files</Filter>
    </ClInclude>
    <ClInclude Include="Serialization\Thrift\CCGeoAreas_constants.h">
      <Filter>Header Files</Filter>
    </ClInclude>
    <ClInclude Include="Serialization\Thrift\CCGeoAreas_types.h">
      <Filter>Header Files</Filter>
    </ClInclude>
    <ClInclude Include="Serialization\Thrift\CCItemCommand_constants.h">
      <Filter>Header Files</Filter>
    </ClInclude>
    <ClInclude Include="Serialization\Thrift\CCItemCommand_types.h">
      <Filter>Header Files</Filter>
    </ClInclude>
    <ClInclude Include="Serialization\Thrift\CCMessage_constants.h">
      <Filter>Header Files</Filter>
    </ClInclude>
    <ClInclude Include="Serialization\Thrift\CCMessage_types.h">
      <Filter>Header Files</Filter>
    </ClInclude>
    <ClInclude Include="Serialization\Thrift\CCObjectMove_constants.h">
      <Filter>Header Files</Filter>
    </ClInclude>
    <ClInclude Include="Serialization\Thrift\CCObjectMove_types.h">
      <Filter>Header Files</Filter>
    </ClInclude>
    <ClInclude Include="Serialization\Thrift\CCServerResponse_constants.h">
      <Filter>Header Files</Filter>
    </ClInclude>
    <ClInclude Include="Serialization\Thrift\CCServerResponse_types.h">
      <Filter>Header Files</Filter>
    </ClInclude>
    <ClInclude Include="Serialization\Thrift\CCShutdown_constants.h">
      <Filter>Header Files</Filter>
    </ClInclude>
    <ClInclude Include="Serialization\Thrift\CCShutdown_types.h">
      <Filter>Header Files</Filter>
    </ClInclude>
    <ClInclude Include="Serialization\Thrift\CCSpecialAreas_constants.h">
      <Filter>Header Files</Filter>
    </ClInclude>
    <ClInclude Include="Serialization\Thrift\CCSpecialAreas_types.h">
      <Filter>Header Files</Filter>
    </ClInclude>
    <ClInclude Include="Serialization\Thrift\CCSubstationBus_constants.h">
      <Filter>Header Files</Filter>
    </ClInclude>
    <ClInclude Include="Serialization\Thrift\CCSubstationBus_types.h">
      <Filter>Header Files</Filter>
    </ClInclude>
    <ClInclude Include="Serialization\Thrift\CCSubstations_constants.h">
      <Filter>Header Files</Filter>
    </ClInclude>
    <ClInclude Include="Serialization\Thrift\CCSubstations_types.h">
      <Filter>Header Files</Filter>
    </ClInclude>
    <ClInclude Include="Serialization\Thrift\CCSystemStatus_constants.h">
      <Filter>Header Files</Filter>
    </ClInclude>
    <ClInclude Include="Serialization\Thrift\CCSystemStatus_types.h">
      <Filter>Header Files</Filter>
    </ClInclude>
    <ClInclude Include="Serialization\Thrift\CCVerifyBanks_constants.h">
      <Filter>Header Files</Filter>
    </ClInclude>
    <ClInclude Include="Serialization\Thrift\CCVerifyBanks_types.h">
      <Filter>Header Files</Filter>
    </ClInclude>
    <ClInclude Include="Serialization\Thrift\CCVerifyInactiveBanks_constants.h">
      <Filter>Header Files</Filter>
    </ClInclude>
    <ClInclude Include="Serialization\Thrift\CCVerifyInactiveBanks_types.h">
      <Filter>Header Files</Filter>
    </ClInclude>
    <ClInclude Include="Serialization\Thrift\CCVerifySelectedBank_constants.h">
      <Filter>Header Files</Filter>
    </ClInclude>
    <ClInclude Include="Serialization\Thrift\CCVerifySelectedBank_types.h">
      <Filter>Header Files</Filter>
    </ClInclude>
    <ClInclude Include="Serialization\Thrift\CCVoltageRegulator_constants.h">
      <Filter>Header Files</Filter>
    </ClInclude>
    <ClInclude Include="Serialization\Thrift\CCVoltageRegulator_types.h">
      <Filter>Header Files</Filter>
    </ClInclude>
    <ClInclude Include="Serialization\Thrift\Command_constants.h">
      <Filter>Header Files</Filter>
    </ClInclude>
    <ClInclude Include="Serialization\Thrift\Command_types.h">
      <Filter>Header Files</Filter>
    </ClInclude>
    <ClInclude Include="Serialization\Thrift\DBChange_constants.h">
      <Filter>Header Files</Filter>
    </ClInclude>
    <ClInclude Include="Serialization\Thrift\DBChange_types.h">
      <Filter>Header Files</Filter>
    </ClInclude>
    <ClInclude Include="Serialization\Thrift\LMCommand_constants.h">
      <Filter>Header Files</Filter>
    </ClInclude>
    <ClInclude Include="Serialization\Thrift\LMCommand_types.h">
      <Filter>Header Files</Filter>
    </ClInclude>
    <ClInclude Include="Serialization\Thrift\LMControlAreas_constants.h">
      <Filter>Header Files</Filter>
    </ClInclude>
    <ClInclude Include="Serialization\Thrift\LMControlAreas_types.h">
      <Filter>Header Files</Filter>
    </ClInclude>
    <ClInclude Include="Serialization\Thrift\LMControlHistory_constants.h">
      <Filter>Header Files</Filter>
    </ClInclude>
    <ClInclude Include="Serialization\Thrift\LMControlHistory_types.h">
      <Filter>Header Files</Filter>
    </ClInclude>
    <ClInclude Include="Serialization\Thrift\LMCurtailmentAcknowledge_constants.h">
      <Filter>Header Files</Filter>
    </ClInclude>
    <ClInclude Include="Serialization\Thrift\LMCurtailmentAcknowledge_types.h">
      <Filter>Header Files</Filter>
    </ClInclude>
    <ClInclude Include="Serialization\Thrift\LMDynamicControlAreaData_constants.h">
      <Filter>Header Files</Filter>
    </ClInclude>
    <ClInclude Include="Serialization\Thrift\LMDynamicControlAreaData_types.h">
      <Filter>Header Files</Filter>
    </ClInclude>
    <ClInclude Include="Serialization\Thrift\LMDynamicGroupData_constants.h">
      <Filter>Header Files</Filter>
    </ClInclude>
    <ClInclude Include="Serialization\Thrift\LMDynamicGroupData_types.h">
      <Filter>Header Files</Filter>
    </ClInclude>
    <ClInclude Include="Serialization\Thrift\LMDynamicProgramData_constants.h">
      <Filter>Header Files</Filter>
    </ClInclude>
    <ClInclude Include="Serialization\Thrift\LMDynamicProgramData_types.h">
      <Filter>Header Files</Filter>
    </ClInclude>
    <ClInclude Include="Serialization\Thrift\LMDynamicTriggerData_constants.h">
      <Filter>Header Files</Filter>
    </ClInclude>
    <ClInclude Include="Serialization\Thrift\LMDynamicTriggerData_types.h">
      <Filter>Header Files</Filter>
    </ClInclude>
    <ClInclude Include="Serialization\Thrift\LMEnergyExchangeAccept_constants.h">
      <Filter>Header Files</Filter>
    </ClInclude>
    <ClInclude Include="Serialization\Thrift\LMEnergyExchangeAccept_types.h">
      <Filter>Header Files</Filter>
    </ClInclude>
    <ClInclude Include="Serialization\Thrift\LMEnergyExchangeControl_constants.h">
      <Filter>Header Files</Filter>
    </ClInclude>
    <ClInclude Include="Serialization\Thrift\LMEnergyExchangeControl_types.h">
      <Filter>Header Files</Filter>
    </ClInclude>
    <ClInclude Include="Serialization\Thrift\LMManualControlRequest_constants.h">
      <Filter>Header Files</Filter>
    </ClInclude>
    <ClInclude Include="Serialization\Thrift\LMManualControlRequest_types.h">
      <Filter>Header Files</Filter>
    </ClInclude>
    <ClInclude Include="Serialization\Thrift\LMManualControlResponse_constants.h">
      <Filter>Header Files</Filter>
    </ClInclude>
    <ClInclude Include="Serialization\Thrift\LMManualControlResponse_types.h">
      <Filter>Header Files</Filter>
    </ClInclude>
    <ClInclude Include="Serialization\Thrift\LMMessage_constants.h">
      <Filter>Header Files</Filter>
    </ClInclude>
    <ClInclude Include="Serialization\Thrift\LMMessage_types.h">
      <Filter>Header Files</Filter>
    </ClInclude>
    <ClInclude Include="Serialization\Thrift\MCAddSchedule_constants.h">
      <Filter>Header Files</Filter>
    </ClInclude>
    <ClInclude Include="Serialization\Thrift\MCAddSchedule_types.h">
      <Filter>Header Files</Filter>
    </ClInclude>
    <ClInclude Include="Serialization\Thrift\MCDeleteSchedule_constants.h">
      <Filter>Header Files</Filter>
    </ClInclude>
    <ClInclude Include="Serialization\Thrift\MCDeleteSchedule_types.h">
      <Filter>Header Files</Filter>
    </ClInclude>
    <ClInclude Include="Serialization\Thrift\MCInfo_constants.h">
      <Filter>Header Files</Filter>
    </ClInclude>
    <ClInclude Include="Serialization\Thrift\MCInfo_types.h">
      <Filter>Header Files</Filter>
    </ClInclude>
    <ClInclude Include="Serialization\Thrift\MCOverrideRequest_constants.h">
      <Filter>Header Files</Filter>
    </ClInclude>
    <ClInclude Include="Serialization\Thrift\MCOverrideRequest_types.h">
      <Filter>Header Files</Filter>
    </ClInclude>
    <ClInclude Include="Serialization\Thrift\MCRetrieveSchedule_constants.h">
      <Filter>Header Files</Filter>
    </ClInclude>
    <ClInclude Include="Serialization\Thrift\MCRetrieveSchedule_types.h">
      <Filter>Header Files</Filter>
    </ClInclude>
    <ClInclude Include="Serialization\Thrift\MCRetrieveScript_constants.h">
      <Filter>Header Files</Filter>
    </ClInclude>
    <ClInclude Include="Serialization\Thrift\MCRetrieveScript_types.h">
      <Filter>Header Files</Filter>
    </ClInclude>
    <ClInclude Include="Serialization\Thrift\MCSchedule_constants.h">
      <Filter>Header Files</Filter>
    </ClInclude>
    <ClInclude Include="Serialization\Thrift\MCSchedule_types.h">
      <Filter>Header Files</Filter>
    </ClInclude>
    <ClInclude Include="Serialization\Thrift\MCScript_constants.h">
      <Filter>Header Files</Filter>
    </ClInclude>
    <ClInclude Include="Serialization\Thrift\MCScript_types.h">
      <Filter>Header Files</Filter>
    </ClInclude>
    <ClInclude Include="Serialization\Thrift\MCUpdateSchedule_constants.h">
      <Filter>Header Files</Filter>
    </ClInclude>
    <ClInclude Include="Serialization\Thrift\MCUpdateSchedule_types.h">
      <Filter>Header Files</Filter>
    </ClInclude>
    <ClInclude Include="Serialization\Thrift\Message_constants.h">
      <Filter>Header Files</Filter>
    </ClInclude>
    <ClInclude Include="Serialization\Thrift\Message_types.h">
      <Filter>Header Files</Filter>
    </ClInclude>
    <ClInclude Include="Serialization\Thrift\Multi_constants.h">
      <Filter>Header Files</Filter>
    </ClInclude>
    <ClInclude Include="Serialization\Thrift\Multi_types.h">
      <Filter>Header Files</Filter>
    </ClInclude>
    <ClInclude Include="Serialization\Thrift\NetworkManagerMessaging_constants.h">
      <Filter>Header Files</Filter>
    </ClInclude>
    <ClInclude Include="Serialization\Thrift\NetworkManagerMessaging_types.h">
      <Filter>Header Files</Filter>
    </ClInclude>
    <ClInclude Include="Serialization\Thrift\NotifAlarm_constants.h">
      <Filter>Header Files</Filter>
    </ClInclude>
    <ClInclude Include="Serialization\Thrift\NotifAlarm_types.h">
      <Filter>Header Files</Filter>
    </ClInclude>
    <ClInclude Include="Serialization\Thrift\NotifCurtailmentEvent_constants.h">
      <Filter>Header Files</Filter>
    </ClInclude>
    <ClInclude Include="Serialization\Thrift\NotifCurtailmentEvent_types.h">
      <Filter>Header Files</Filter>
    </ClInclude>
    <ClInclude Include="Serialization\Thrift\NotifCurtailmentEventDelete_constants.h">
      <Filter>Header Files</Filter>
    </ClInclude>
    <ClInclude Include="Serialization\Thrift\NotifCurtailmentEventDelete_types.h">
      <Filter>Header Files</Filter>
    </ClInclude>
    <ClInclude Include="Serialization\Thrift\NotifCustomerEmail_constants.h">
      <Filter>Header Files</Filter>
    </ClInclude>
    <ClInclude Include="Serialization\Thrift\NotifCustomerEmail_types.h">
      <Filter>Header Files</Filter>
    </ClInclude>
    <ClInclude Include="Serialization\Thrift\NotifEconomicEvent_constants.h">
      <Filter>Header Files</Filter>
    </ClInclude>
    <ClInclude Include="Serialization\Thrift\NotifEconomicEvent_types.h">
      <Filter>Header Files</Filter>
    </ClInclude>
    <ClInclude Include="Serialization\Thrift\NotifEconomicEventDelete_constants.h">
      <Filter>Header Files</Filter>
    </ClInclude>
    <ClInclude Include="Serialization\Thrift\NotifEconomicEventDelete_types.h">
      <Filter>Header Files</Filter>
    </ClInclude>
    <ClInclude Include="Serialization\Thrift\NotifEmail_constants.h">
      <Filter>Header Files</Filter>
    </ClInclude>
    <ClInclude Include="Serialization\Thrift\NotifEmail_types.h">
      <Filter>Header Files</Filter>
    </ClInclude>
    <ClInclude Include="Serialization\Thrift\NotifLMControl_constants.h">
      <Filter>Header Files</Filter>
    </ClInclude>
    <ClInclude Include="Serialization\Thrift\NotifLMControl_types.h">
      <Filter>Header Files</Filter>
    </ClInclude>
    <ClInclude Include="Serialization\Thrift\NotifVoiceCompleted_constants.h">
      <Filter>Header Files</Filter>
    </ClInclude>
    <ClInclude Include="Serialization\Thrift\NotifVoiceCompleted_types.h">
      <Filter>Header Files</Filter>
    </ClInclude>
    <ClInclude Include="Serialization\Thrift\NotifVoiceDataRequest_constants.h">
      <Filter>Header Files</Filter>
    </ClInclude>
    <ClInclude Include="Serialization\Thrift\NotifVoiceDataRequest_types.h">
      <Filter>Header Files</Filter>
    </ClInclude>
    <ClInclude Include="Serialization\Thrift\NotifVoiceDataResponse_constants.h">
      <Filter>Header Files</Filter>
    </ClInclude>
    <ClInclude Include="Serialization\Thrift\NotifVoiceDataResponse_types.h">
      <Filter>Header Files</Filter>
    </ClInclude>
    <ClInclude Include="Serialization\Thrift\PointData_constants.h">
      <Filter>Header Files</Filter>
    </ClInclude>
    <ClInclude Include="Serialization\Thrift\PointData_types.h">
      <Filter>Header Files</Filter>
    </ClInclude>
    <ClInclude Include="Serialization\Thrift\PointRegistration_constants.h">
      <Filter>Header Files</Filter>
    </ClInclude>
    <ClInclude Include="Serialization\Thrift\PointRegistration_types.h">
      <Filter>Header Files</Filter>
    </ClInclude>
    <ClInclude Include="Serialization\Thrift\QueueData_constants.h">
      <Filter>Header Files</Filter>
    </ClInclude>
    <ClInclude Include="Serialization\Thrift\QueueData_types.h">
      <Filter>Header Files</Filter>
    </ClInclude>
    <ClInclude Include="Serialization\Thrift\Registration_constants.h">
      <Filter>Header Files</Filter>
    </ClInclude>
    <ClInclude Include="Serialization\Thrift\Registration_types.h">
      <Filter>Header Files</Filter>
    </ClInclude>
    <ClInclude Include="Serialization\Thrift\Request_constants.h">
      <Filter>Header Files</Filter>
    </ClInclude>
    <ClInclude Include="Serialization\Thrift\Request_types.h">
      <Filter>Header Files</Filter>
    </ClInclude>
    <ClInclude Include="Serialization\Thrift\RequestCancel_constants.h">
      <Filter>Header Files</Filter>
    </ClInclude>
    <ClInclude Include="Serialization\Thrift\RequestCancel_types.h">
      <Filter>Header Files</Filter>
    </ClInclude>
    <ClInclude Include="Serialization\Thrift\Return_constants.h">
      <Filter>Header Files</Filter>
    </ClInclude>
    <ClInclude Include="Serialization\Thrift\Return_types.h">
      <Filter>Header Files</Filter>
    </ClInclude>
    <ClInclude Include="Serialization\Thrift\RfnE2eData_constants.h">
      <Filter>Header Files</Filter>
    </ClInclude>
    <ClInclude Include="Serialization\Thrift\RfnE2eData_types.h">
      <Filter>Header Files</Filter>
    </ClInclude>
    <ClInclude Include="Serialization\Thrift\RfnExpressComBroadcastReply_constants.h">
      <Filter>Header Files</Filter>
    </ClInclude>
    <ClInclude Include="Serialization\Thrift\RfnExpressComBroadcastReply_types.h">
      <Filter>Header Files</Filter>
    </ClInclude>
    <ClInclude Include="Serialization\Thrift\ServerRequest_constants.h">
      <Filter>Header Files</Filter>
    </ClInclude>
    <ClInclude Include="Serialization\Thrift\ServerRequest_types.h">
      <Filter>Header Files</Filter>
    </ClInclude>
    <ClInclude Include="Serialization\Thrift\ServerResponse_constants.h">
      <Filter>Header Files</Filter>
    </ClInclude>
    <ClInclude Include="Serialization\Thrift\ServerResponse_types.h">
      <Filter>Header Files</Filter>
    </ClInclude>
    <ClInclude Include="Serialization\Thrift\Signal_constants.h">
      <Filter>Header Files</Filter>
    </ClInclude>
    <ClInclude Include="Serialization\Thrift\Signal_types.h">
      <Filter>Header Files</Filter>
    </ClInclude>
    <ClInclude Include="Serialization\Thrift\Tag_constants.h">
      <Filter>Header Files</Filter>
    </ClInclude>
    <ClInclude Include="Serialization\Thrift\Tag_types.h">
      <Filter>Header Files</Filter>
    </ClInclude>
    <ClInclude Include="Serialization\Thrift\Trace_constants.h">
      <Filter>Header Files</Filter>
    </ClInclude>
    <ClInclude Include="Serialization\Thrift\Trace_types.h">
      <Filter>Header Files</Filter>
    </ClInclude>
    <ClInclude Include="Serialization\Thrift\Types_constants.h">
      <Filter>Header Files</Filter>
    </ClInclude>
    <ClInclude Include="Serialization\Thrift\Types_types.h">
      <Filter>Header Files</Filter>
    </ClInclude>
    <ClInclude Include="Serialization\Thrift\PorterDynamicPaoInfo_constants.h">
      <Filter>Header Files</Filter>
    </ClInclude>
    <ClInclude Include="Serialization\Thrift\PorterDynamicPaoInfo_types.h">
      <Filter>Header Files</Filter>
    </ClInclude>
    <ClInclude Include="Serialization\Thrift\RfnWaterNodeConfigMessages_constants.h">
      <Filter>Header Files</Filter>
    </ClInclude>
    <ClInclude Include="Serialization\Thrift\RfnWaterNodeConfigMessages_types.h">
      <Filter>Header Files</Filter>
    </ClInclude>
    <ClInclude Include="Serialization\Thrift\DeviceCreation_constants.h">
      <Filter>Header Files</Filter>
    </ClInclude>
    <ClInclude Include="Serialization\Thrift\DeviceCreation_types.h">
      <Filter>Header Files</Filter>
    </ClInclude>
    <ClInclude Include="Serialization\Thrift\RfnDataStreamingUpdate_types.h">
      <Filter>Header Files</Filter>
    </ClInclude>
    <ClInclude Include="Serialization\Thrift\RfnDataStreamingUpdate_constants.h">
      <Filter>Header Files</Filter>
    </ClInclude>
    <ClInclude Include="Serialization\Thrift\MeterProgramming_constants.h">
      <Filter>Header Files</Filter>
    </ClInclude>
    <ClInclude Include="Serialization\Thrift\MeterProgramming_types.h">
      <Filter>Header Files</Filter>
    </ClInclude>
    <ClInclude Include="Serialization\Thrift\RfnAddressing_constants.h">
      <Filter>Header Files</Filter>
    </ClInclude>
    <ClInclude Include="Serialization\Thrift\RfnAddressing_types.h">
      <Filter>Header Files</Filter>
    </ClInclude>
  </ItemGroup>
</Project>