<?xml version="1.0" encoding="utf-8"?>
<Project ToolsVersion="4.0" xmlns="http://schemas.microsoft.com/developer/msbuild/2003">
  <ItemGroup>
    <Filter Include="Source Files">
      <UniqueIdentifier>{B1F27843-FECA-1BAD-7556-11404B245715}</UniqueIdentifier>
      <Extensions>cpp;cxx;cc;c;C</Extensions>
    </Filter>
    <Filter Include="Header Files">
      <UniqueIdentifier>{06319535-FECA-1BAD-7556-11404B245715}</UniqueIdentifier>
      <Extensions>h;hpp;hxx;hh</Extensions>
    </Filter>
  </ItemGroup>
  <ItemGroup>
    <ClCompile Include="test_main.cpp">
      <Filter>Source Files</Filter>
    </ClCompile>
    <ClCompile Include="test_message.cpp">
      <Filter>Source Files</Filter>
    </ClCompile>
    <ClCompile Include="test_multi_msg.cpp">
      <Filter>Source Files</Filter>
    </ClCompile>
    <ClCompile Include="test_PointDataRequest.cpp">
      <Filter>Source Files</Filter>
    </ClCompile>
    <ClCompile Include="test_serialization.cpp">
      <Filter>Source Files</Filter>
    </ClCompile>
    <ClCompile Include="..\precompiled.cpp">
      <Filter>Source Files</Filter>
    </ClCompile>
    <ClCompile Include="..\COMMON\boost_assert.cpp">
      <Filter>Source Files</Filter>
    </ClCompile>
    <ClCompile Include="test_PointRegistration.cpp">
      <Filter>Source Files</Filter>
    </ClCompile>
    <ClCompile Include="test_amq_connection.cpp">
      <Filter>Source Files</Filter>
    </ClCompile>
    <ClCompile Include="test_msg_pdata.cpp">
      <Filter>Source Files</Filter>
    </ClCompile>
  </ItemGroup>
</Project>